// !$*UTF8*$!
{
	archiveVersion = 1;
	classes = {
	};
	objectVersion = 46;
	objects = {

/* Begin PBXBuildFile section */
		5ACCE03E8DBA3D48725B5C71 /* libPods-Weather.a in Frameworks */ = {isa = PBXBuildFile; fileRef = C550F01C69D7D563F6E67801 /* libPods-Weather.a */; };
		A20EE9311CA11E6E00A8F4C3 /* ZYConstantDef.m in Sources */ = {isa = PBXBuildFile; fileRef = A20EE9301CA11E6E00A8F4C3 /* ZYConstantDef.m */; };
		A20EE9341CA125E600A8F4C3 /* ZYPrecipitationModel.m in Sources */ = {isa = PBXBuildFile; fileRef = A20EE9331CA125E600A8F4C3 /* ZYPrecipitationModel.m */; };
		A25B35921CA2923900394585 /* ZYUIBigWindmillView.m in Sources */ = {isa = PBXBuildFile; fileRef = A25B35911CA2923900394585 /* ZYUIBigWindmillView.m */; };
		A25DF6191CA50A820050A286 /* ZYUISmallWindmillView.m in Sources */ = {isa = PBXBuildFile; fileRef = A25DF6181CA50A820050A286 /* ZYUISmallWindmillView.m */; };
		A2655FF31C9FC880004FF403 /* ZYUIVerticalDashLineView.m in Sources */ = {isa = PBXBuildFile; fileRef = A2655FF21C9FC880004FF403 /* ZYUIVerticalDashLineView.m */; };
		A287D3A41C9BEE1F003534C1 /* main.m in Sources */ = {isa = PBXBuildFile; fileRef = A287D3A31C9BEE1F003534C1 /* main.m */; };
		A287D3A71C9BEE1F003534C1 /* AppDelegate.m in Sources */ = {isa = PBXBuildFile; fileRef = A287D3A61C9BEE1F003534C1 /* AppDelegate.m */; };
		A287D3AF1C9BEE1F003534C1 /* Assets.xcassets in Resources */ = {isa = PBXBuildFile; fileRef = A287D3AE1C9BEE1F003534C1 /* Assets.xcassets */; };
		A287D3B21C9BEE1F003534C1 /* LaunchScreen.storyboard in Resources */ = {isa = PBXBuildFile; fileRef = A287D3B01C9BEE1F003534C1 /* LaunchScreen.storyboard */; };
		A287D3BD1C9BEE1F003534C1 /* WeatherTests.m in Sources */ = {isa = PBXBuildFile; fileRef = A287D3BC1C9BEE1F003534C1 /* WeatherTests.m */; };
		A287D3C81C9BEE1F003534C1 /* WeatherUITests.m in Sources */ = {isa = PBXBuildFile; fileRef = A287D3C71C9BEE1F003534C1 /* WeatherUITests.m */; };
		A287D3ED1C9BF704003534C1 /* ZYUIMainViewController.m in Sources */ = {isa = PBXBuildFile; fileRef = A287D3EC1C9BF704003534C1 /* ZYUIMainViewController.m */; };
		A287D3F21C9BF82C003534C1 /* ZYUIPageContentViewController.m in Sources */ = {isa = PBXBuildFile; fileRef = A287D3EE1C9BF82C003534C1 /* ZYUIPageContentViewController.m */; };
		A287D3F31C9BF82C003534C1 /* ZYUILeftMenuViewController.m in Sources */ = {isa = PBXBuildFile; fileRef = A287D3F01C9BF82C003534C1 /* ZYUILeftMenuViewController.m */; };
		A287D4061C9BFE77003534C1 /* ZYUIHorizontalDashLineView.m in Sources */ = {isa = PBXBuildFile; fileRef = A287D3F51C9BFE77003534C1 /* ZYUIHorizontalDashLineView.m */; };
		A287D4071C9BFE77003534C1 /* ZYUIDetailInfoRightCellView.m in Sources */ = {isa = PBXBuildFile; fileRef = A287D3F71C9BFE77003534C1 /* ZYUIDetailInfoRightCellView.m */; };
		A287D4081C9BFE77003534C1 /* ZYUIDetailInfoView.m in Sources */ = {isa = PBXBuildFile; fileRef = A287D3F91C9BFE77003534C1 /* ZYUIDetailInfoView.m */; };
		A287D4091C9BFE77003534C1 /* ZYUIForecastView.m in Sources */ = {isa = PBXBuildFile; fileRef = A287D3FB1C9BFE77003534C1 /* ZYUIForecastView.m */; };
		A287D40A1C9BFE77003534C1 /* ZYUILabelWithLineView.m in Sources */ = {isa = PBXBuildFile; fileRef = A287D3FD1C9BFE77003534C1 /* ZYUILabelWithLineView.m */; };
		A287D40B1C9BFE77003534C1 /* ZYUIPrecipitationInfoCell.m in Sources */ = {isa = PBXBuildFile; fileRef = A287D3FF1C9BFE77003534C1 /* ZYUIPrecipitationInfoCell.m */; };
		A287D40C1C9BFE77003534C1 /* ZYUIPrecipitationInfoView.m in Sources */ = {isa = PBXBuildFile; fileRef = A287D4011C9BFE77003534C1 /* ZYUIPrecipitationInfoView.m */; };
		A287D40D1C9BFE77003534C1 /* ZYUIPrecipitationRaindropView.m in Sources */ = {isa = PBXBuildFile; fileRef = A287D4031C9BFE77003534C1 /* ZYUIPrecipitationRaindropView.m */; };
		A287D40E1C9BFE77003534C1 /* ZYUITemperatureView.m in Sources */ = {isa = PBXBuildFile; fileRef = A287D4051C9BFE77003534C1 /* ZYUITemperatureView.m */; };
		A287D4691C9C0600003534C1 /* bg.png in Resources */ = {isa = PBXBuildFile; fileRef = A287D4111C9C0600003534C1 /* bg.png */; };
		A287D46A1C9C0600003534C1 /* divider_horizontal@2x.png in Resources */ = {isa = PBXBuildFile; fileRef = A287D4121C9C0600003534C1 /* divider_horizontal@2x.png */; };
		A287D46B1C9C0600003534C1 /* divider_horizontal@3x.png in Resources */ = {isa = PBXBuildFile; fileRef = A287D4131C9C0600003534C1 /* divider_horizontal@3x.png */; };
		A287D46C1C9C0600003534C1 /* PrimaryInfo_high@2x.png in Resources */ = {isa = PBXBuildFile; fileRef = A287D4141C9C0600003534C1 /* PrimaryInfo_high@2x.png */; };
		A287D46D1C9C0600003534C1 /* PrimaryInfo_high@3x.png in Resources */ = {isa = PBXBuildFile; fileRef = A287D4151C9C0600003534C1 /* PrimaryInfo_high@3x.png */; };
		A287D46E1C9C0600003534C1 /* PrimaryInfo_low@2x.png in Resources */ = {isa = PBXBuildFile; fileRef = A287D4161C9C0600003534C1 /* PrimaryInfo_low@2x.png */; };
		A287D46F1C9C0600003534C1 /* PrimaryInfo_low@3x.png in Resources */ = {isa = PBXBuildFile; fileRef = A287D4171C9C0600003534C1 /* PrimaryInfo_low@3x.png */; };
		A287D4701C9C0600003534C1 /* raindrop.png in Resources */ = {isa = PBXBuildFile; fileRef = A287D4191C9C0600003534C1 /* raindrop.png */; };
		A287D4711C9C0600003534C1 /* raindrop@2x.png in Resources */ = {isa = PBXBuildFile; fileRef = A287D41A1C9C0600003534C1 /* raindrop@2x.png */; };
		A287D4721C9C0600003534C1 /* raindrop@3x.png in Resources */ = {isa = PBXBuildFile; fileRef = A287D41B1C9C0600003534C1 /* raindrop@3x.png */; };
		A287D4731C9C0600003534C1 /* raindrop_blue.png in Resources */ = {isa = PBXBuildFile; fileRef = A287D41C1C9C0600003534C1 /* raindrop_blue.png */; };
		A287D4741C9C0600003534C1 /* raindrop_blue@2x.png in Resources */ = {isa = PBXBuildFile; fileRef = A287D41D1C9C0600003534C1 /* raindrop_blue@2x.png */; };
		A287D4751C9C0600003534C1 /* wave2.png in Resources */ = {isa = PBXBuildFile; fileRef = A287D41E1C9C0600003534C1 /* wave2.png */; };
		A287D4761C9C0600003534C1 /* wave2@2x.png in Resources */ = {isa = PBXBuildFile; fileRef = A287D41F1C9C0600003534C1 /* wave2@2x.png */; };
		A287D4771C9C0600003534C1 /* wave_flat.png in Resources */ = {isa = PBXBuildFile; fileRef = A287D4201C9C0600003534C1 /* wave_flat.png */; };
		A287D4781C9C0600003534C1 /* wave_flat@2x.png in Resources */ = {isa = PBXBuildFile; fileRef = A287D4211C9C0600003534C1 /* wave_flat@2x.png */; };
		A287D4791C9C0600003534C1 /* scroll@2x.png in Resources */ = {isa = PBXBuildFile; fileRef = A287D4221C9C0600003534C1 /* scroll@2x.png */; };
		A287D47A1C9C0600003534C1 /* scrollContent.jpg in Resources */ = {isa = PBXBuildFile; fileRef = A287D4231C9C0600003534C1 /* scrollContent.jpg */; };
		A287D47B1C9C0600003534C1 /* clear_day@2x.png in Resources */ = {isa = PBXBuildFile; fileRef = A287D4251C9C0600003534C1 /* clear_day@2x.png */; };
		A287D47C1C9C0600003534C1 /* clear_day@3x.png in Resources */ = {isa = PBXBuildFile; fileRef = A287D4261C9C0600003534C1 /* clear_day@3x.png */; };
		A287D47D1C9C0600003534C1 /* clear_night@2x.png in Resources */ = {isa = PBXBuildFile; fileRef = A287D4271C9C0600003534C1 /* clear_night@2x.png */; };
		A287D47E1C9C0600003534C1 /* clear_night@3x.png in Resources */ = {isa = PBXBuildFile; fileRef = A287D4281C9C0600003534C1 /* clear_night@3x.png */; };
		A287D47F1C9C0600003534C1 /* cloudy_day_night@2x.png in Resources */ = {isa = PBXBuildFile; fileRef = A287D4291C9C0600003534C1 /* cloudy_day_night@2x.png */; };
		A287D4801C9C0600003534C1 /* cloudy_day_night@3x.png in Resources */ = {isa = PBXBuildFile; fileRef = A287D42A1C9C0600003534C1 /* cloudy_day_night@3x.png */; };
		A287D4811C9C0600003534C1 /* dust_day_night@2x.png in Resources */ = {isa = PBXBuildFile; fileRef = A287D42B1C9C0600003534C1 /* dust_day_night@2x.png */; };
		A287D4821C9C0600003534C1 /* dust_day_night@3x.png in Resources */ = {isa = PBXBuildFile; fileRef = A287D42C1C9C0600003534C1 /* dust_day_night@3x.png */; };
		A287D4831C9C0600003534C1 /* fair_day@2x.png in Resources */ = {isa = PBXBuildFile; fileRef = A287D42D1C9C0600003534C1 /* fair_day@2x.png */; };
		A287D4841C9C0600003534C1 /* fair_day@3x.png in Resources */ = {isa = PBXBuildFile; fileRef = A287D42E1C9C0600003534C1 /* fair_day@3x.png */; };
		A287D4851C9C0600003534C1 /* fair_night@2x.png in Resources */ = {isa = PBXBuildFile; fileRef = A287D42F1C9C0600003534C1 /* fair_night@2x.png */; };
		A287D4861C9C0600003534C1 /* fair_night@3x.png in Resources */ = {isa = PBXBuildFile; fileRef = A287D4301C9C0600003534C1 /* fair_night@3x.png */; };
		A287D4871C9C0600003534C1 /* flash_flood_day_night@2x.png in Resources */ = {isa = PBXBuildFile; fileRef = A287D4311C9C0600003534C1 /* flash_flood_day_night@2x.png */; };
		A287D4881C9C0600003534C1 /* flash_flood_day_night@3x.png in Resources */ = {isa = PBXBuildFile; fileRef = A287D4321C9C0600003534C1 /* flash_flood_day_night@3x.png */; };
		A287D4891C9C0600003534C1 /* flurries_day_night@2x.png in Resources */ = {isa = PBXBuildFile; fileRef = A287D4331C9C0600003534C1 /* flurries_day_night@2x.png */; };
		A287D48A1C9C0600003534C1 /* flurries_day_night@3x.png in Resources */ = {isa = PBXBuildFile; fileRef = A287D4341C9C0600003534C1 /* flurries_day_night@3x.png */; };
		A287D48B1C9C0600003534C1 /* fog_day_night@2x.png in Resources */ = {isa = PBXBuildFile; fileRef = A287D4351C9C0600003534C1 /* fog_day_night@2x.png */; };
		A287D48C1C9C0600003534C1 /* fog_day_night@3x.png in Resources */ = {isa = PBXBuildFile; fileRef = A287D4361C9C0600003534C1 /* fog_day_night@3x.png */; };
		A287D48D1C9C0600003534C1 /* fog_moon_night@2x.png in Resources */ = {isa = PBXBuildFile; fileRef = A287D4371C9C0600003534C1 /* fog_moon_night@2x.png */; };
		A287D48E1C9C0600003534C1 /* fog_moon_night@3x.png in Resources */ = {isa = PBXBuildFile; fileRef = A287D4381C9C0600003534C1 /* fog_moon_night@3x.png */; };
		A287D48F1C9C0600003534C1 /* fog_sun_day@2x.png in Resources */ = {isa = PBXBuildFile; fileRef = A287D4391C9C0600003534C1 /* fog_sun_day@2x.png */; };
		A287D4901C9C0600003534C1 /* fog_sun_day@3x.png in Resources */ = {isa = PBXBuildFile; fileRef = A287D43A1C9C0600003534C1 /* fog_sun_day@3x.png */; };
		A287D4911C9C0600003534C1 /* freezing_rain_day_night@2x.png in Resources */ = {isa = PBXBuildFile; fileRef = A287D43B1C9C0600003534C1 /* freezing_rain_day_night@2x.png */; };
		A287D4921C9C0600003534C1 /* freezing_rain_day_night@3x.png in Resources */ = {isa = PBXBuildFile; fileRef = A287D43C1C9C0600003534C1 /* freezing_rain_day_night@3x.png */; };
		A287D4931C9C0600003534C1 /* hail_day_night@2x.png in Resources */ = {isa = PBXBuildFile; fileRef = A287D43D1C9C0600003534C1 /* hail_day_night@2x.png */; };
		A287D4941C9C0600003534C1 /* hail_day_night@3x.png in Resources */ = {isa = PBXBuildFile; fileRef = A287D43E1C9C0600003534C1 /* hail_day_night@3x.png */; };
		A287D4951C9C0600003534C1 /* haze_day_night@2x.png in Resources */ = {isa = PBXBuildFile; fileRef = A287D43F1C9C0600003534C1 /* haze_day_night@2x.png */; };
		A287D4961C9C0600003534C1 /* haze_day_night@3x.png in Resources */ = {isa = PBXBuildFile; fileRef = A287D4401C9C0600003534C1 /* haze_day_night@3x.png */; };
		A287D4971C9C0600003534C1 /* heavy_snow_day_night@2x.png in Resources */ = {isa = PBXBuildFile; fileRef = A287D4411C9C0600003534C1 /* heavy_snow_day_night@2x.png */; };
		A287D4981C9C0600003534C1 /* heavy_snow_day_night@3x.png in Resources */ = {isa = PBXBuildFile; fileRef = A287D4421C9C0600003534C1 /* heavy_snow_day_night@3x.png */; };
		A287D4991C9C0600003534C1 /* hurricane_day_night@2x.png in Resources */ = {isa = PBXBuildFile; fileRef = A287D4431C9C0600003534C1 /* hurricane_day_night@2x.png */; };
		A287D49A1C9C0600003534C1 /* hurricane_day_night@3x.png in Resources */ = {isa = PBXBuildFile; fileRef = A287D4441C9C0600003534C1 /* hurricane_day_night@3x.png */; };
		A287D49B1C9C0600003534C1 /* light_rain_day_night@2x.png in Resources */ = {isa = PBXBuildFile; fileRef = A287D4451C9C0600003534C1 /* light_rain_day_night@2x.png */; };
		A287D49C1C9C0600003534C1 /* light_rain_day_night@3x.png in Resources */ = {isa = PBXBuildFile; fileRef = A287D4461C9C0600003534C1 /* light_rain_day_night@3x.png */; };
		A287D49D1C9C0600003534C1 /* mostly_cloudy_day_night@2x.png in Resources */ = {isa = PBXBuildFile; fileRef = A287D4471C9C0600003534C1 /* mostly_cloudy_day_night@2x.png */; };
		A287D49E1C9C0600003534C1 /* mostly_cloudy_day_night@3x.png in Resources */ = {isa = PBXBuildFile; fileRef = A287D4481C9C0600003534C1 /* mostly_cloudy_day_night@3x.png */; };
		A287D49F1C9C0600003534C1 /* na@2x.png in Resources */ = {isa = PBXBuildFile; fileRef = A287D4491C9C0600003534C1 /* na@2x.png */; };
		A287D4A01C9C0600003534C1 /* na@3x.png in Resources */ = {isa = PBXBuildFile; fileRef = A287D44A1C9C0600003534C1 /* na@3x.png */; };
		A287D4A11C9C0600003534C1 /* partly_cloudy_day@2x.png in Resources */ = {isa = PBXBuildFile; fileRef = A287D44B1C9C0600003534C1 /* partly_cloudy_day@2x.png */; };
		A287D4A21C9C0600003534C1 /* partly_cloudy_day@3x.png in Resources */ = {isa = PBXBuildFile; fileRef = A287D44C1C9C0600003534C1 /* partly_cloudy_day@3x.png */; };
		A287D4A31C9C0600003534C1 /* partly_cloudy_night@2x.png in Resources */ = {isa = PBXBuildFile; fileRef = A287D44D1C9C0600003534C1 /* partly_cloudy_night@2x.png */; };
		A287D4A41C9C0600003534C1 /* partly_cloudy_night@3x.png in Resources */ = {isa = PBXBuildFile; fileRef = A287D44E1C9C0600003534C1 /* partly_cloudy_night@3x.png */; };
		A287D4A51C9C0600003534C1 /* rain_day_night@2x.png in Resources */ = {isa = PBXBuildFile; fileRef = A287D44F1C9C0600003534C1 /* rain_day_night@2x.png */; };
		A287D4A61C9C0600003534C1 /* rain_day_night@3x.png in Resources */ = {isa = PBXBuildFile; fileRef = A287D4501C9C0600003534C1 /* rain_day_night@3x.png */; };
		A287D4A71C9C0600003534C1 /* scattered_showers_day_night@2x.png in Resources */ = {isa = PBXBuildFile; fileRef = A287D4511C9C0600003534C1 /* scattered_showers_day_night@2x.png */; };
		A287D4A81C9C0600003534C1 /* scattered_showers_day_night@3x.png in Resources */ = {isa = PBXBuildFile; fileRef = A287D4521C9C0600003534C1 /* scattered_showers_day_night@3x.png */; };
		A287D4A91C9C0600003534C1 /* scattered_thundershowers_day@2x.png in Resources */ = {isa = PBXBuildFile; fileRef = A287D4531C9C0600003534C1 /* scattered_thundershowers_day@2x.png */; };
		A287D4AA1C9C0600003534C1 /* scattered_thundershowers_day@3x.png in Resources */ = {isa = PBXBuildFile; fileRef = A287D4541C9C0600003534C1 /* scattered_thundershowers_day@3x.png */; };
		A287D4AB1C9C0600003534C1 /* scattered_thundershowers_night@2x.png in Resources */ = {isa = PBXBuildFile; fileRef = A287D4551C9C0600003534C1 /* scattered_thundershowers_night@2x.png */; };
		A287D4AC1C9C0600003534C1 /* scattered_thundershowers_night@3x.png in Resources */ = {isa = PBXBuildFile; fileRef = A287D4561C9C0600003534C1 /* scattered_thundershowers_night@3x.png */; };
		A287D4AD1C9C0600003534C1 /* sleet_day_night@2x.png in Resources */ = {isa = PBXBuildFile; fileRef = A287D4571C9C0600003534C1 /* sleet_day_night@2x.png */; };
		A287D4AE1C9C0600003534C1 /* sleet_day_night@3x.png in Resources */ = {isa = PBXBuildFile; fileRef = A287D4581C9C0600003534C1 /* sleet_day_night@3x.png */; };
		A287D4AF1C9C0600003534C1 /* sleet_mix_day_night@2x.png in Resources */ = {isa = PBXBuildFile; fileRef = A287D4591C9C0600003534C1 /* sleet_mix_day_night@2x.png */; };
		A287D4B01C9C0600003534C1 /* sleet_mix_day_night@3x.png in Resources */ = {isa = PBXBuildFile; fileRef = A287D45A1C9C0600003534C1 /* sleet_mix_day_night@3x.png */; };
		A287D4B11C9C0600003534C1 /* smoky_day_night@2x.png in Resources */ = {isa = PBXBuildFile; fileRef = A287D45B1C9C0600003534C1 /* smoky_day_night@2x.png */; };
		A287D4B21C9C0600003534C1 /* smoky_day_night@3x.png in Resources */ = {isa = PBXBuildFile; fileRef = A287D45C1C9C0600003534C1 /* smoky_day_night@3x.png */; };
		A287D4B31C9C0600003534C1 /* snow_day_night@2x.png in Resources */ = {isa = PBXBuildFile; fileRef = A287D45D1C9C0600003534C1 /* snow_day_night@2x.png */; };
		A287D4B41C9C0600003534C1 /* snow_day_night@3x.png in Resources */ = {isa = PBXBuildFile; fileRef = A287D45E1C9C0600003534C1 /* snow_day_night@3x.png */; };
		A287D4B51C9C0600003534C1 /* snow_rain_mix_day_night@2x.png in Resources */ = {isa = PBXBuildFile; fileRef = A287D45F1C9C0600003534C1 /* snow_rain_mix_day_night@2x.png */; };
		A287D4B61C9C0600003534C1 /* snow_rain_mix_day_night@3x.png in Resources */ = {isa = PBXBuildFile; fileRef = A287D4601C9C0600003534C1 /* snow_rain_mix_day_night@3x.png */; };
		A287D4B71C9C0600003534C1 /* thundershowers_day_night@2x.png in Resources */ = {isa = PBXBuildFile; fileRef = A287D4611C9C0600003534C1 /* thundershowers_day_night@2x.png */; };
		A287D4B81C9C0600003534C1 /* thundershowers_day_night@3x.png in Resources */ = {isa = PBXBuildFile; fileRef = A287D4621C9C0600003534C1 /* thundershowers_day_night@3x.png */; };
		A287D4B91C9C0600003534C1 /* thunderstorm_day_night@2x.png in Resources */ = {isa = PBXBuildFile; fileRef = A287D4631C9C0600003534C1 /* thunderstorm_day_night@2x.png */; };
		A287D4BA1C9C0600003534C1 /* thunderstorm_day_night@3x.png in Resources */ = {isa = PBXBuildFile; fileRef = A287D4641C9C0600003534C1 /* thunderstorm_day_night@3x.png */; };
		A287D4BB1C9C0600003534C1 /* tornado_day_night@2x.png in Resources */ = {isa = PBXBuildFile; fileRef = A287D4651C9C0600003534C1 /* tornado_day_night@2x.png */; };
		A287D4BC1C9C0600003534C1 /* tornado_day_night@3x.png in Resources */ = {isa = PBXBuildFile; fileRef = A287D4661C9C0600003534C1 /* tornado_day_night@3x.png */; };
		A287D4BD1C9C0600003534C1 /* windy_day_night@2x.png in Resources */ = {isa = PBXBuildFile; fileRef = A287D4671C9C0600003534C1 /* windy_day_night@2x.png */; };
		A287D4BE1C9C0600003534C1 /* windy_day_night@3x.png in Resources */ = {isa = PBXBuildFile; fileRef = A287D4681C9C0600003534C1 /* windy_day_night@3x.png */; };
/* End PBXBuildFile section */

/* Begin PBXContainerItemProxy section */
		A287D3B91C9BEE1F003534C1 /* PBXContainerItemProxy */ = {
			isa = PBXContainerItemProxy;
			containerPortal = A287D3971C9BEE1F003534C1 /* Project object */;
			proxyType = 1;
			remoteGlobalIDString = A287D39E1C9BEE1F003534C1;
			remoteInfo = Weather;
		};
		A287D3C41C9BEE1F003534C1 /* PBXContainerItemProxy */ = {
			isa = PBXContainerItemProxy;
			containerPortal = A287D3971C9BEE1F003534C1 /* Project object */;
			proxyType = 1;
			remoteGlobalIDString = A287D39E1C9BEE1F003534C1;
			remoteInfo = Weather;
		};
/* End PBXContainerItemProxy section */

/* Begin PBXFileReference section */
		A20EE92F1CA11E6E00A8F4C3 /* ZYConstantDef.h */ = {isa = PBXFileReference; fileEncoding = 4; lastKnownFileType = sourcecode.c.h; path = ZYConstantDef.h; sourceTree = "<group>"; };
		A20EE9301CA11E6E00A8F4C3 /* ZYConstantDef.m */ = {isa = PBXFileReference; fileEncoding = 4; lastKnownFileType = sourcecode.c.objc; path = ZYConstantDef.m; sourceTree = "<group>"; };
		A20EE9321CA125E600A8F4C3 /* ZYPrecipitationModel.h */ = {isa = PBXFileReference; fileEncoding = 4; lastKnownFileType = sourcecode.c.h; path = ZYPrecipitationModel.h; sourceTree = "<group>"; };
		A20EE9331CA125E600A8F4C3 /* ZYPrecipitationModel.m */ = {isa = PBXFileReference; fileEncoding = 4; lastKnownFileType = sourcecode.c.objc; path = ZYPrecipitationModel.m; sourceTree = "<group>"; };
		A25B35901CA2923900394585 /* ZYUIBigWindmillView.h */ = {isa = PBXFileReference; fileEncoding = 4; lastKnownFileType = sourcecode.c.h; path = ZYUIBigWindmillView.h; sourceTree = "<group>"; };
		A25B35911CA2923900394585 /* ZYUIBigWindmillView.m */ = {isa = PBXFileReference; fileEncoding = 4; lastKnownFileType = sourcecode.c.objc; path = ZYUIBigWindmillView.m; sourceTree = "<group>"; };
		A25DF6171CA50A810050A286 /* ZYUISmallWindmillView.h */ = {isa = PBXFileReference; fileEncoding = 4; lastKnownFileType = sourcecode.c.h; path = ZYUISmallWindmillView.h; sourceTree = "<group>"; };
		A25DF6181CA50A820050A286 /* ZYUISmallWindmillView.m */ = {isa = PBXFileReference; fileEncoding = 4; lastKnownFileType = sourcecode.c.objc; path = ZYUISmallWindmillView.m; sourceTree = "<group>"; };
		A2655FF11C9FC880004FF403 /* ZYUIVerticalDashLineView.h */ = {isa = PBXFileReference; fileEncoding = 4; lastKnownFileType = sourcecode.c.h; path = ZYUIVerticalDashLineView.h; sourceTree = "<group>"; };
		A2655FF21C9FC880004FF403 /* ZYUIVerticalDashLineView.m */ = {isa = PBXFileReference; fileEncoding = 4; lastKnownFileType = sourcecode.c.objc; path = ZYUIVerticalDashLineView.m; sourceTree = "<group>"; };
		A287D39F1C9BEE1F003534C1 /* Weather.app */ = {isa = PBXFileReference; explicitFileType = wrapper.application; includeInIndex = 0; path = Weather.app; sourceTree = BUILT_PRODUCTS_DIR; };
		A287D3A31C9BEE1F003534C1 /* main.m */ = {isa = PBXFileReference; lastKnownFileType = sourcecode.c.objc; path = main.m; sourceTree = "<group>"; };
		A287D3A51C9BEE1F003534C1 /* AppDelegate.h */ = {isa = PBXFileReference; lastKnownFileType = sourcecode.c.h; path = AppDelegate.h; sourceTree = "<group>"; };
		A287D3A61C9BEE1F003534C1 /* AppDelegate.m */ = {isa = PBXFileReference; lastKnownFileType = sourcecode.c.objc; path = AppDelegate.m; sourceTree = "<group>"; };
		A287D3AE1C9BEE1F003534C1 /* Assets.xcassets */ = {isa = PBXFileReference; lastKnownFileType = folder.assetcatalog; path = Assets.xcassets; sourceTree = "<group>"; };
		A287D3B11C9BEE1F003534C1 /* Base */ = {isa = PBXFileReference; lastKnownFileType = file.storyboard; name = Base; path = Base.lproj/LaunchScreen.storyboard; sourceTree = "<group>"; };
		A287D3B31C9BEE1F003534C1 /* Info.plist */ = {isa = PBXFileReference; lastKnownFileType = text.plist.xml; path = Info.plist; sourceTree = "<group>"; };
		A287D3B81C9BEE1F003534C1 /* WeatherTests.xctest */ = {isa = PBXFileReference; explicitFileType = wrapper.cfbundle; includeInIndex = 0; path = WeatherTests.xctest; sourceTree = BUILT_PRODUCTS_DIR; };
		A287D3BC1C9BEE1F003534C1 /* WeatherTests.m */ = {isa = PBXFileReference; lastKnownFileType = sourcecode.c.objc; path = WeatherTests.m; sourceTree = "<group>"; };
		A287D3BE1C9BEE1F003534C1 /* Info.plist */ = {isa = PBXFileReference; lastKnownFileType = text.plist.xml; path = Info.plist; sourceTree = "<group>"; };
		A287D3C31C9BEE1F003534C1 /* WeatherUITests.xctest */ = {isa = PBXFileReference; explicitFileType = wrapper.cfbundle; includeInIndex = 0; path = WeatherUITests.xctest; sourceTree = BUILT_PRODUCTS_DIR; };
		A287D3C71C9BEE1F003534C1 /* WeatherUITests.m */ = {isa = PBXFileReference; lastKnownFileType = sourcecode.c.objc; path = WeatherUITests.m; sourceTree = "<group>"; };
		A287D3C91C9BEE1F003534C1 /* Info.plist */ = {isa = PBXFileReference; lastKnownFileType = text.plist.xml; path = Info.plist; sourceTree = "<group>"; };
		A287D3EB1C9BF704003534C1 /* ZYUIMainViewController.h */ = {isa = PBXFileReference; fileEncoding = 4; lastKnownFileType = sourcecode.c.h; path = ZYUIMainViewController.h; sourceTree = "<group>"; };
		A287D3EC1C9BF704003534C1 /* ZYUIMainViewController.m */ = {isa = PBXFileReference; fileEncoding = 4; lastKnownFileType = sourcecode.c.objc; path = ZYUIMainViewController.m; sourceTree = "<group>"; };
		A287D3EE1C9BF82C003534C1 /* ZYUIPageContentViewController.m */ = {isa = PBXFileReference; fileEncoding = 4; lastKnownFileType = sourcecode.c.objc; path = ZYUIPageContentViewController.m; sourceTree = "<group>"; };
		A287D3EF1C9BF82C003534C1 /* ZYUILeftMenuViewController.h */ = {isa = PBXFileReference; fileEncoding = 4; lastKnownFileType = sourcecode.c.h; path = ZYUILeftMenuViewController.h; sourceTree = "<group>"; };
		A287D3F01C9BF82C003534C1 /* ZYUILeftMenuViewController.m */ = {isa = PBXFileReference; fileEncoding = 4; lastKnownFileType = sourcecode.c.objc; path = ZYUILeftMenuViewController.m; sourceTree = "<group>"; };
		A287D3F11C9BF82C003534C1 /* ZYUIPageContentViewController.h */ = {isa = PBXFileReference; fileEncoding = 4; lastKnownFileType = sourcecode.c.h; path = ZYUIPageContentViewController.h; sourceTree = "<group>"; };
		A287D3F41C9BFE77003534C1 /* ZYUIHorizontalDashLineView.h */ = {isa = PBXFileReference; fileEncoding = 4; lastKnownFileType = sourcecode.c.h; path = ZYUIHorizontalDashLineView.h; sourceTree = "<group>"; };
		A287D3F51C9BFE77003534C1 /* ZYUIHorizontalDashLineView.m */ = {isa = PBXFileReference; fileEncoding = 4; lastKnownFileType = sourcecode.c.objc; path = ZYUIHorizontalDashLineView.m; sourceTree = "<group>"; };
		A287D3F61C9BFE77003534C1 /* ZYUIDetailInfoRightCellView.h */ = {isa = PBXFileReference; fileEncoding = 4; lastKnownFileType = sourcecode.c.h; path = ZYUIDetailInfoRightCellView.h; sourceTree = "<group>"; };
		A287D3F71C9BFE77003534C1 /* ZYUIDetailInfoRightCellView.m */ = {isa = PBXFileReference; fileEncoding = 4; lastKnownFileType = sourcecode.c.objc; path = ZYUIDetailInfoRightCellView.m; sourceTree = "<group>"; };
		A287D3F81C9BFE77003534C1 /* ZYUIDetailInfoView.h */ = {isa = PBXFileReference; fileEncoding = 4; lastKnownFileType = sourcecode.c.h; path = ZYUIDetailInfoView.h; sourceTree = "<group>"; };
		A287D3F91C9BFE77003534C1 /* ZYUIDetailInfoView.m */ = {isa = PBXFileReference; fileEncoding = 4; lastKnownFileType = sourcecode.c.objc; path = ZYUIDetailInfoView.m; sourceTree = "<group>"; };
		A287D3FA1C9BFE77003534C1 /* ZYUIForecastView.h */ = {isa = PBXFileReference; fileEncoding = 4; lastKnownFileType = sourcecode.c.h; path = ZYUIForecastView.h; sourceTree = "<group>"; };
		A287D3FB1C9BFE77003534C1 /* ZYUIForecastView.m */ = {isa = PBXFileReference; fileEncoding = 4; lastKnownFileType = sourcecode.c.objc; path = ZYUIForecastView.m; sourceTree = "<group>"; };
		A287D3FC1C9BFE77003534C1 /* ZYUILabelWithLineView.h */ = {isa = PBXFileReference; fileEncoding = 4; lastKnownFileType = sourcecode.c.h; path = ZYUILabelWithLineView.h; sourceTree = "<group>"; };
		A287D3FD1C9BFE77003534C1 /* ZYUILabelWithLineView.m */ = {isa = PBXFileReference; fileEncoding = 4; lastKnownFileType = sourcecode.c.objc; path = ZYUILabelWithLineView.m; sourceTree = "<group>"; };
		A287D3FE1C9BFE77003534C1 /* ZYUIPrecipitationInfoCell.h */ = {isa = PBXFileReference; fileEncoding = 4; lastKnownFileType = sourcecode.c.h; path = ZYUIPrecipitationInfoCell.h; sourceTree = "<group>"; };
		A287D3FF1C9BFE77003534C1 /* ZYUIPrecipitationInfoCell.m */ = {isa = PBXFileReference; fileEncoding = 4; lastKnownFileType = sourcecode.c.objc; path = ZYUIPrecipitationInfoCell.m; sourceTree = "<group>"; };
		A287D4001C9BFE77003534C1 /* ZYUIPrecipitationInfoView.h */ = {isa = PBXFileReference; fileEncoding = 4; lastKnownFileType = sourcecode.c.h; path = ZYUIPrecipitationInfoView.h; sourceTree = "<group>"; };
		A287D4011C9BFE77003534C1 /* ZYUIPrecipitationInfoView.m */ = {isa = PBXFileReference; fileEncoding = 4; lastKnownFileType = sourcecode.c.objc; path = ZYUIPrecipitationInfoView.m; sourceTree = "<group>"; };
		A287D4021C9BFE77003534C1 /* ZYUIPrecipitationRaindropView.h */ = {isa = PBXFileReference; fileEncoding = 4; lastKnownFileType = sourcecode.c.h; path = ZYUIPrecipitationRaindropView.h; sourceTree = "<group>"; };
		A287D4031C9BFE77003534C1 /* ZYUIPrecipitationRaindropView.m */ = {isa = PBXFileReference; fileEncoding = 4; lastKnownFileType = sourcecode.c.objc; path = ZYUIPrecipitationRaindropView.m; sourceTree = "<group>"; };
		A287D4041C9BFE77003534C1 /* ZYUITemperatureView.h */ = {isa = PBXFileReference; fileEncoding = 4; lastKnownFileType = sourcecode.c.h; path = ZYUITemperatureView.h; sourceTree = "<group>"; };
		A287D4051C9BFE77003534C1 /* ZYUITemperatureView.m */ = {isa = PBXFileReference; fileEncoding = 4; lastKnownFileType = sourcecode.c.objc; path = ZYUITemperatureView.m; sourceTree = "<group>"; };
		A287D4101C9BFF4A003534C1 /* MacroDef.h */ = {isa = PBXFileReference; fileEncoding = 4; lastKnownFileType = sourcecode.c.h; path = MacroDef.h; sourceTree = "<group>"; };
		A287D4111C9C0600003534C1 /* bg.png */ = {isa = PBXFileReference; lastKnownFileType = image.png; path = bg.png; sourceTree = "<group>"; };
		A287D4121C9C0600003534C1 /* divider_horizontal@2x.png */ = {isa = PBXFileReference; lastKnownFileType = image.png; path = "divider_horizontal@2x.png"; sourceTree = "<group>"; };
		A287D4131C9C0600003534C1 /* divider_horizontal@3x.png */ = {isa = PBXFileReference; lastKnownFileType = image.png; path = "divider_horizontal@3x.png"; sourceTree = "<group>"; };
		A287D4141C9C0600003534C1 /* PrimaryInfo_high@2x.png */ = {isa = PBXFileReference; lastKnownFileType = image.png; path = "PrimaryInfo_high@2x.png"; sourceTree = "<group>"; };
		A287D4151C9C0600003534C1 /* PrimaryInfo_high@3x.png */ = {isa = PBXFileReference; lastKnownFileType = image.png; path = "PrimaryInfo_high@3x.png"; sourceTree = "<group>"; };
		A287D4161C9C0600003534C1 /* PrimaryInfo_low@2x.png */ = {isa = PBXFileReference; lastKnownFileType = image.png; path = "PrimaryInfo_low@2x.png"; sourceTree = "<group>"; };
		A287D4171C9C0600003534C1 /* PrimaryInfo_low@3x.png */ = {isa = PBXFileReference; lastKnownFileType = image.png; path = "PrimaryInfo_low@3x.png"; sourceTree = "<group>"; };
		A287D4191C9C0600003534C1 /* raindrop.png */ = {isa = PBXFileReference; lastKnownFileType = image.png; path = raindrop.png; sourceTree = "<group>"; };
		A287D41A1C9C0600003534C1 /* raindrop@2x.png */ = {isa = PBXFileReference; lastKnownFileType = image.png; path = "raindrop@2x.png"; sourceTree = "<group>"; };
		A287D41B1C9C0600003534C1 /* raindrop@3x.png */ = {isa = PBXFileReference; lastKnownFileType = image.png; path = "raindrop@3x.png"; sourceTree = "<group>"; };
		A287D41C1C9C0600003534C1 /* raindrop_blue.png */ = {isa = PBXFileReference; lastKnownFileType = image.png; path = raindrop_blue.png; sourceTree = "<group>"; };
		A287D41D1C9C0600003534C1 /* raindrop_blue@2x.png */ = {isa = PBXFileReference; lastKnownFileType = image.png; path = "raindrop_blue@2x.png"; sourceTree = "<group>"; };
		A287D41E1C9C0600003534C1 /* wave2.png */ = {isa = PBXFileReference; lastKnownFileType = image.png; path = wave2.png; sourceTree = "<group>"; };
		A287D41F1C9C0600003534C1 /* wave2@2x.png */ = {isa = PBXFileReference; lastKnownFileType = image.png; path = "wave2@2x.png"; sourceTree = "<group>"; };
		A287D4201C9C0600003534C1 /* wave_flat.png */ = {isa = PBXFileReference; lastKnownFileType = image.png; path = wave_flat.png; sourceTree = "<group>"; };
		A287D4211C9C0600003534C1 /* wave_flat@2x.png */ = {isa = PBXFileReference; lastKnownFileType = image.png; path = "wave_flat@2x.png"; sourceTree = "<group>"; };
		A287D4221C9C0600003534C1 /* scroll@2x.png */ = {isa = PBXFileReference; lastKnownFileType = image.png; path = "scroll@2x.png"; sourceTree = "<group>"; };
		A287D4231C9C0600003534C1 /* scrollContent.jpg */ = {isa = PBXFileReference; lastKnownFileType = image.jpeg; path = scrollContent.jpg; sourceTree = "<group>"; };
		A287D4251C9C0600003534C1 /* clear_day@2x.png */ = {isa = PBXFileReference; lastKnownFileType = image.png; path = "clear_day@2x.png"; sourceTree = "<group>"; };
		A287D4261C9C0600003534C1 /* clear_day@3x.png */ = {isa = PBXFileReference; lastKnownFileType = image.png; path = "clear_day@3x.png"; sourceTree = "<group>"; };
		A287D4271C9C0600003534C1 /* clear_night@2x.png */ = {isa = PBXFileReference; lastKnownFileType = image.png; path = "clear_night@2x.png"; sourceTree = "<group>"; };
		A287D4281C9C0600003534C1 /* clear_night@3x.png */ = {isa = PBXFileReference; lastKnownFileType = image.png; path = "clear_night@3x.png"; sourceTree = "<group>"; };
		A287D4291C9C0600003534C1 /* cloudy_day_night@2x.png */ = {isa = PBXFileReference; lastKnownFileType = image.png; path = "cloudy_day_night@2x.png"; sourceTree = "<group>"; };
		A287D42A1C9C0600003534C1 /* cloudy_day_night@3x.png */ = {isa = PBXFileReference; lastKnownFileType = image.png; path = "cloudy_day_night@3x.png"; sourceTree = "<group>"; };
		A287D42B1C9C0600003534C1 /* dust_day_night@2x.png */ = {isa = PBXFileReference; lastKnownFileType = image.png; path = "dust_day_night@2x.png"; sourceTree = "<group>"; };
		A287D42C1C9C0600003534C1 /* dust_day_night@3x.png */ = {isa = PBXFileReference; lastKnownFileType = image.png; path = "dust_day_night@3x.png"; sourceTree = "<group>"; };
		A287D42D1C9C0600003534C1 /* fair_day@2x.png */ = {isa = PBXFileReference; lastKnownFileType = image.png; path = "fair_day@2x.png"; sourceTree = "<group>"; };
		A287D42E1C9C0600003534C1 /* fair_day@3x.png */ = {isa = PBXFileReference; lastKnownFileType = image.png; path = "fair_day@3x.png"; sourceTree = "<group>"; };
		A287D42F1C9C0600003534C1 /* fair_night@2x.png */ = {isa = PBXFileReference; lastKnownFileType = image.png; path = "fair_night@2x.png"; sourceTree = "<group>"; };
		A287D4301C9C0600003534C1 /* fair_night@3x.png */ = {isa = PBXFileReference; lastKnownFileType = image.png; path = "fair_night@3x.png"; sourceTree = "<group>"; };
		A287D4311C9C0600003534C1 /* flash_flood_day_night@2x.png */ = {isa = PBXFileReference; lastKnownFileType = image.png; path = "flash_flood_day_night@2x.png"; sourceTree = "<group>"; };
		A287D4321C9C0600003534C1 /* flash_flood_day_night@3x.png */ = {isa = PBXFileReference; lastKnownFileType = image.png; path = "flash_flood_day_night@3x.png"; sourceTree = "<group>"; };
		A287D4331C9C0600003534C1 /* flurries_day_night@2x.png */ = {isa = PBXFileReference; lastKnownFileType = image.png; path = "flurries_day_night@2x.png"; sourceTree = "<group>"; };
		A287D4341C9C0600003534C1 /* flurries_day_night@3x.png */ = {isa = PBXFileReference; lastKnownFileType = image.png; path = "flurries_day_night@3x.png"; sourceTree = "<group>"; };
		A287D4351C9C0600003534C1 /* fog_day_night@2x.png */ = {isa = PBXFileReference; lastKnownFileType = image.png; path = "fog_day_night@2x.png"; sourceTree = "<group>"; };
		A287D4361C9C0600003534C1 /* fog_day_night@3x.png */ = {isa = PBXFileReference; lastKnownFileType = image.png; path = "fog_day_night@3x.png"; sourceTree = "<group>"; };
		A287D4371C9C0600003534C1 /* fog_moon_night@2x.png */ = {isa = PBXFileReference; lastKnownFileType = image.png; path = "fog_moon_night@2x.png"; sourceTree = "<group>"; };
		A287D4381C9C0600003534C1 /* fog_moon_night@3x.png */ = {isa = PBXFileReference; lastKnownFileType = image.png; path = "fog_moon_night@3x.png"; sourceTree = "<group>"; };
		A287D4391C9C0600003534C1 /* fog_sun_day@2x.png */ = {isa = PBXFileReference; lastKnownFileType = image.png; path = "fog_sun_day@2x.png"; sourceTree = "<group>"; };
		A287D43A1C9C0600003534C1 /* fog_sun_day@3x.png */ = {isa = PBXFileReference; lastKnownFileType = image.png; path = "fog_sun_day@3x.png"; sourceTree = "<group>"; };
		A287D43B1C9C0600003534C1 /* freezing_rain_day_night@2x.png */ = {isa = PBXFileReference; lastKnownFileType = image.png; path = "freezing_rain_day_night@2x.png"; sourceTree = "<group>"; };
		A287D43C1C9C0600003534C1 /* freezing_rain_day_night@3x.png */ = {isa = PBXFileReference; lastKnownFileType = image.png; path = "freezing_rain_day_night@3x.png"; sourceTree = "<group>"; };
		A287D43D1C9C0600003534C1 /* hail_day_night@2x.png */ = {isa = PBXFileReference; lastKnownFileType = image.png; path = "hail_day_night@2x.png"; sourceTree = "<group>"; };
		A287D43E1C9C0600003534C1 /* hail_day_night@3x.png */ = {isa = PBXFileReference; lastKnownFileType = image.png; path = "hail_day_night@3x.png"; sourceTree = "<group>"; };
		A287D43F1C9C0600003534C1 /* haze_day_night@2x.png */ = {isa = PBXFileReference; lastKnownFileType = image.png; path = "haze_day_night@2x.png"; sourceTree = "<group>"; };
		A287D4401C9C0600003534C1 /* haze_day_night@3x.png */ = {isa = PBXFileReference; lastKnownFileType = image.png; path = "haze_day_night@3x.png"; sourceTree = "<group>"; };
		A287D4411C9C0600003534C1 /* heavy_snow_day_night@2x.png */ = {isa = PBXFileReference; lastKnownFileType = image.png; path = "heavy_snow_day_night@2x.png"; sourceTree = "<group>"; };
		A287D4421C9C0600003534C1 /* heavy_snow_day_night@3x.png */ = {isa = PBXFileReference; lastKnownFileType = image.png; path = "heavy_snow_day_night@3x.png"; sourceTree = "<group>"; };
		A287D4431C9C0600003534C1 /* hurricane_day_night@2x.png */ = {isa = PBXFileReference; lastKnownFileType = image.png; path = "hurricane_day_night@2x.png"; sourceTree = "<group>"; };
		A287D4441C9C0600003534C1 /* hurricane_day_night@3x.png */ = {isa = PBXFileReference; lastKnownFileType = image.png; path = "hurricane_day_night@3x.png"; sourceTree = "<group>"; };
		A287D4451C9C0600003534C1 /* light_rain_day_night@2x.png */ = {isa = PBXFileReference; lastKnownFileType = image.png; path = "light_rain_day_night@2x.png"; sourceTree = "<group>"; };
		A287D4461C9C0600003534C1 /* light_rain_day_night@3x.png */ = {isa = PBXFileReference; lastKnownFileType = image.png; path = "light_rain_day_night@3x.png"; sourceTree = "<group>"; };
		A287D4471C9C0600003534C1 /* mostly_cloudy_day_night@2x.png */ = {isa = PBXFileReference; lastKnownFileType = image.png; path = "mostly_cloudy_day_night@2x.png"; sourceTree = "<group>"; };
		A287D4481C9C0600003534C1 /* mostly_cloudy_day_night@3x.png */ = {isa = PBXFileReference; lastKnownFileType = image.png; path = "mostly_cloudy_day_night@3x.png"; sourceTree = "<group>"; };
		A287D4491C9C0600003534C1 /* na@2x.png */ = {isa = PBXFileReference; lastKnownFileType = image.png; path = "na@2x.png"; sourceTree = "<group>"; };
		A287D44A1C9C0600003534C1 /* na@3x.png */ = {isa = PBXFileReference; lastKnownFileType = image.png; path = "na@3x.png"; sourceTree = "<group>"; };
		A287D44B1C9C0600003534C1 /* partly_cloudy_day@2x.png */ = {isa = PBXFileReference; lastKnownFileType = image.png; path = "partly_cloudy_day@2x.png"; sourceTree = "<group>"; };
		A287D44C1C9C0600003534C1 /* partly_cloudy_day@3x.png */ = {isa = PBXFileReference; lastKnownFileType = image.png; path = "partly_cloudy_day@3x.png"; sourceTree = "<group>"; };
		A287D44D1C9C0600003534C1 /* partly_cloudy_night@2x.png */ = {isa = PBXFileReference; lastKnownFileType = image.png; path = "partly_cloudy_night@2x.png"; sourceTree = "<group>"; };
		A287D44E1C9C0600003534C1 /* partly_cloudy_night@3x.png */ = {isa = PBXFileReference; lastKnownFileType = image.png; path = "partly_cloudy_night@3x.png"; sourceTree = "<group>"; };
		A287D44F1C9C0600003534C1 /* rain_day_night@2x.png */ = {isa = PBXFileReference; lastKnownFileType = image.png; path = "rain_day_night@2x.png"; sourceTree = "<group>"; };
		A287D4501C9C0600003534C1 /* rain_day_night@3x.png */ = {isa = PBXFileReference; lastKnownFileType = image.png; path = "rain_day_night@3x.png"; sourceTree = "<group>"; };
		A287D4511C9C0600003534C1 /* scattered_showers_day_night@2x.png */ = {isa = PBXFileReference; lastKnownFileType = image.png; path = "scattered_showers_day_night@2x.png"; sourceTree = "<group>"; };
		A287D4521C9C0600003534C1 /* scattered_showers_day_night@3x.png */ = {isa = PBXFileReference; lastKnownFileType = image.png; path = "scattered_showers_day_night@3x.png"; sourceTree = "<group>"; };
		A287D4531C9C0600003534C1 /* scattered_thundershowers_day@2x.png */ = {isa = PBXFileReference; lastKnownFileType = image.png; path = "scattered_thundershowers_day@2x.png"; sourceTree = "<group>"; };
		A287D4541C9C0600003534C1 /* scattered_thundershowers_day@3x.png */ = {isa = PBXFileReference; lastKnownFileType = image.png; path = "scattered_thundershowers_day@3x.png"; sourceTree = "<group>"; };
		A287D4551C9C0600003534C1 /* scattered_thundershowers_night@2x.png */ = {isa = PBXFileReference; lastKnownFileType = image.png; path = "scattered_thundershowers_night@2x.png"; sourceTree = "<group>"; };
		A287D4561C9C0600003534C1 /* scattered_thundershowers_night@3x.png */ = {isa = PBXFileReference; lastKnownFileType = image.png; path = "scattered_thundershowers_night@3x.png"; sourceTree = "<group>"; };
		A287D4571C9C0600003534C1 /* sleet_day_night@2x.png */ = {isa = PBXFileReference; lastKnownFileType = image.png; path = "sleet_day_night@2x.png"; sourceTree = "<group>"; };
		A287D4581C9C0600003534C1 /* sleet_day_night@3x.png */ = {isa = PBXFileReference; lastKnownFileType = image.png; path = "sleet_day_night@3x.png"; sourceTree = "<group>"; };
		A287D4591C9C0600003534C1 /* sleet_mix_day_night@2x.png */ = {isa = PBXFileReference; lastKnownFileType = image.png; path = "sleet_mix_day_night@2x.png"; sourceTree = "<group>"; };
		A287D45A1C9C0600003534C1 /* sleet_mix_day_night@3x.png */ = {isa = PBXFileReference; lastKnownFileType = image.png; path = "sleet_mix_day_night@3x.png"; sourceTree = "<group>"; };
		A287D45B1C9C0600003534C1 /* smoky_day_night@2x.png */ = {isa = PBXFileReference; lastKnownFileType = image.png; path = "smoky_day_night@2x.png"; sourceTree = "<group>"; };
		A287D45C1C9C0600003534C1 /* smoky_day_night@3x.png */ = {isa = PBXFileReference; lastKnownFileType = image.png; path = "smoky_day_night@3x.png"; sourceTree = "<group>"; };
		A287D45D1C9C0600003534C1 /* snow_day_night@2x.png */ = {isa = PBXFileReference; lastKnownFileType = image.png; path = "snow_day_night@2x.png"; sourceTree = "<group>"; };
		A287D45E1C9C0600003534C1 /* snow_day_night@3x.png */ = {isa = PBXFileReference; lastKnownFileType = image.png; path = "snow_day_night@3x.png"; sourceTree = "<group>"; };
		A287D45F1C9C0600003534C1 /* snow_rain_mix_day_night@2x.png */ = {isa = PBXFileReference; lastKnownFileType = image.png; path = "snow_rain_mix_day_night@2x.png"; sourceTree = "<group>"; };
		A287D4601C9C0600003534C1 /* snow_rain_mix_day_night@3x.png */ = {isa = PBXFileReference; lastKnownFileType = image.png; path = "snow_rain_mix_day_night@3x.png"; sourceTree = "<group>"; };
		A287D4611C9C0600003534C1 /* thundershowers_day_night@2x.png */ = {isa = PBXFileReference; lastKnownFileType = image.png; path = "thundershowers_day_night@2x.png"; sourceTree = "<group>"; };
		A287D4621C9C0600003534C1 /* thundershowers_day_night@3x.png */ = {isa = PBXFileReference; lastKnownFileType = image.png; path = "thundershowers_day_night@3x.png"; sourceTree = "<group>"; };
		A287D4631C9C0600003534C1 /* thunderstorm_day_night@2x.png */ = {isa = PBXFileReference; lastKnownFileType = image.png; path = "thunderstorm_day_night@2x.png"; sourceTree = "<group>"; };
		A287D4641C9C0600003534C1 /* thunderstorm_day_night@3x.png */ = {isa = PBXFileReference; lastKnownFileType = image.png; path = "thunderstorm_day_night@3x.png"; sourceTree = "<group>"; };
		A287D4651C9C0600003534C1 /* tornado_day_night@2x.png */ = {isa = PBXFileReference; lastKnownFileType = image.png; path = "tornado_day_night@2x.png"; sourceTree = "<group>"; };
		A287D4661C9C0600003534C1 /* tornado_day_night@3x.png */ = {isa = PBXFileReference; lastKnownFileType = image.png; path = "tornado_day_night@3x.png"; sourceTree = "<group>"; };
		A287D4671C9C0600003534C1 /* windy_day_night@2x.png */ = {isa = PBXFileReference; lastKnownFileType = image.png; path = "windy_day_night@2x.png"; sourceTree = "<group>"; };
		A287D4681C9C0600003534C1 /* windy_day_night@3x.png */ = {isa = PBXFileReference; lastKnownFileType = image.png; path = "windy_day_night@3x.png"; sourceTree = "<group>"; };
		C550F01C69D7D563F6E67801 /* libPods-Weather.a */ = {isa = PBXFileReference; explicitFileType = archive.ar; includeInIndex = 0; path = "libPods-Weather.a"; sourceTree = BUILT_PRODUCTS_DIR; };
		D506662AEA92791C253C96A6 /* Pods-Weather.release.xcconfig */ = {isa = PBXFileReference; includeInIndex = 1; lastKnownFileType = text.xcconfig; name = "Pods-Weather.release.xcconfig"; path = "Pods/Target Support Files/Pods-Weather/Pods-Weather.release.xcconfig"; sourceTree = "<group>"; };
		F092076FE755433811DC58FD /* Pods-Weather.debug.xcconfig */ = {isa = PBXFileReference; includeInIndex = 1; lastKnownFileType = text.xcconfig; name = "Pods-Weather.debug.xcconfig"; path = "Pods/Target Support Files/Pods-Weather/Pods-Weather.debug.xcconfig"; sourceTree = "<group>"; };
/* End PBXFileReference section */

/* Begin PBXFrameworksBuildPhase section */
		A287D39C1C9BEE1F003534C1 /* Frameworks */ = {
			isa = PBXFrameworksBuildPhase;
			buildActionMask = 2147483647;
			files = (
				5ACCE03E8DBA3D48725B5C71 /* libPods-Weather.a in Frameworks */,
			);
			runOnlyForDeploymentPostprocessing = 0;
		};
		A287D3B51C9BEE1F003534C1 /* Frameworks */ = {
			isa = PBXFrameworksBuildPhase;
			buildActionMask = 2147483647;
			files = (
			);
			runOnlyForDeploymentPostprocessing = 0;
		};
		A287D3C01C9BEE1F003534C1 /* Frameworks */ = {
			isa = PBXFrameworksBuildPhase;
			buildActionMask = 2147483647;
			files = (
			);
			runOnlyForDeploymentPostprocessing = 0;
		};
/* End PBXFrameworksBuildPhase section */

/* Begin PBXGroup section */
		A09CE3821DBEABA4D79C8DD8 /* Frameworks */ = {
			isa = PBXGroup;
			children = (
				C550F01C69D7D563F6E67801 /* libPods-Weather.a */,
			);
			name = Frameworks;
			sourceTree = "<group>";
		};
		A287D3961C9BEE1F003534C1 = {
			isa = PBXGroup;
			children = (
				A287D3A11C9BEE1F003534C1 /* Weather */,
				A287D3BB1C9BEE1F003534C1 /* WeatherTests */,
				A287D3C61C9BEE1F003534C1 /* WeatherUITests */,
				A287D3A01C9BEE1F003534C1 /* Products */,
				FE86CB14CE863AD05A112310 /* Pods */,
				A09CE3821DBEABA4D79C8DD8 /* Frameworks */,
			);
			sourceTree = "<group>";
		};
		A287D3A01C9BEE1F003534C1 /* Products */ = {
			isa = PBXGroup;
			children = (
				A287D39F1C9BEE1F003534C1 /* Weather.app */,
				A287D3B81C9BEE1F003534C1 /* WeatherTests.xctest */,
				A287D3C31C9BEE1F003534C1 /* WeatherUITests.xctest */,
			);
			name = Products;
			sourceTree = "<group>";
		};
		A287D3A11C9BEE1F003534C1 /* Weather */ = {
			isa = PBXGroup;
			children = (
				A287D3EA1C9BF66D003534C1 /* other */,
				A287D3E91C9BF65A003534C1 /* Images */,
				A287D3E51C9BF64E003534C1 /* Classes */,
				A287D3AE1C9BEE1F003534C1 /* Assets.xcassets */,
				A287D3B01C9BEE1F003534C1 /* LaunchScreen.storyboard */,
				A287D3A21C9BEE1F003534C1 /* Supporting Files */,
			);
			path = Weather;
			sourceTree = "<group>";
		};
		A287D3A21C9BEE1F003534C1 /* Supporting Files */ = {
			isa = PBXGroup;
			children = (
			);
			name = "Supporting Files";
			sourceTree = "<group>";
		};
		A287D3BB1C9BEE1F003534C1 /* WeatherTests */ = {
			isa = PBXGroup;
			children = (
				A287D3BC1C9BEE1F003534C1 /* WeatherTests.m */,
				A287D3BE1C9BEE1F003534C1 /* Info.plist */,
			);
			path = WeatherTests;
			sourceTree = "<group>";
		};
		A287D3C61C9BEE1F003534C1 /* WeatherUITests */ = {
			isa = PBXGroup;
			children = (
				A287D3C71C9BEE1F003534C1 /* WeatherUITests.m */,
				A287D3C91C9BEE1F003534C1 /* Info.plist */,
			);
			path = WeatherUITests;
			sourceTree = "<group>";
		};
		A287D3E51C9BF64E003534C1 /* Classes */ = {
			isa = PBXGroup;
			children = (
				A287D40F1C9BFF24003534C1 /* Utils */,
				A287D3E61C9BF64E003534C1 /* Model */,
				A287D3E71C9BF64E003534C1 /* View */,
				A287D3E81C9BF64E003534C1 /* ViewController */,
			);
			path = Classes;
			sourceTree = "<group>";
		};
		A287D3E61C9BF64E003534C1 /* Model */ = {
			isa = PBXGroup;
			children = (
				A20EE9321CA125E600A8F4C3 /* ZYPrecipitationModel.h */,
				A20EE9331CA125E600A8F4C3 /* ZYPrecipitationModel.m */,
			);
			path = Model;
			sourceTree = "<group>";
		};
		A287D3E71C9BF64E003534C1 /* View */ = {
			isa = PBXGroup;
			children = (
				A287D3F41C9BFE77003534C1 /* ZYUIHorizontalDashLineView.h */,
				A2655FF11C9FC880004FF403 /* ZYUIVerticalDashLineView.h */,
				A2655FF21C9FC880004FF403 /* ZYUIVerticalDashLineView.m */,
				A287D3F51C9BFE77003534C1 /* ZYUIHorizontalDashLineView.m */,
				A287D3F61C9BFE77003534C1 /* ZYUIDetailInfoRightCellView.h */,
				A287D3F71C9BFE77003534C1 /* ZYUIDetailInfoRightCellView.m */,
				A287D3F81C9BFE77003534C1 /* ZYUIDetailInfoView.h */,
				A287D3F91C9BFE77003534C1 /* ZYUIDetailInfoView.m */,
				A287D3FA1C9BFE77003534C1 /* ZYUIForecastView.h */,
				A287D3FB1C9BFE77003534C1 /* ZYUIForecastView.m */,
				A287D3FC1C9BFE77003534C1 /* ZYUILabelWithLineView.h */,
				A287D3FD1C9BFE77003534C1 /* ZYUILabelWithLineView.m */,
				A287D3FE1C9BFE77003534C1 /* ZYUIPrecipitationInfoCell.h */,
				A287D3FF1C9BFE77003534C1 /* ZYUIPrecipitationInfoCell.m */,
				A287D4001C9BFE77003534C1 /* ZYUIPrecipitationInfoView.h */,
				A287D4011C9BFE77003534C1 /* ZYUIPrecipitationInfoView.m */,
				A287D4021C9BFE77003534C1 /* ZYUIPrecipitationRaindropView.h */,
				A287D4031C9BFE77003534C1 /* ZYUIPrecipitationRaindropView.m */,
				A287D4041C9BFE77003534C1 /* ZYUITemperatureView.h */,
				A287D4051C9BFE77003534C1 /* ZYUITemperatureView.m */,
				A25B35901CA2923900394585 /* ZYUIBigWindmillView.h */,
				A25B35911CA2923900394585 /* ZYUIBigWindmillView.m */,
				A25DF6171CA50A810050A286 /* ZYUISmallWindmillView.h */,
				A25DF6181CA50A820050A286 /* ZYUISmallWindmillView.m */,
			);
			path = View;
			sourceTree = "<group>";
		};
		A287D3E81C9BF64E003534C1 /* ViewController */ = {
			isa = PBXGroup;
			children = (
				A287D3EF1C9BF82C003534C1 /* ZYUILeftMenuViewController.h */,
				A287D3F01C9BF82C003534C1 /* ZYUILeftMenuViewController.m */,
				A287D3F11C9BF82C003534C1 /* ZYUIPageContentViewController.h */,
				A287D3EE1C9BF82C003534C1 /* ZYUIPageContentViewController.m */,
				A287D3EB1C9BF704003534C1 /* ZYUIMainViewController.h */,
				A287D3EC1C9BF704003534C1 /* ZYUIMainViewController.m */,
			);
			path = ViewController;
			sourceTree = "<group>";
		};
		A287D3E91C9BF65A003534C1 /* Images */ = {
			isa = PBXGroup;
			children = (
				A287D4111C9C0600003534C1 /* bg.png */,
				A287D4121C9C0600003534C1 /* divider_horizontal@2x.png */,
				A287D4131C9C0600003534C1 /* divider_horizontal@3x.png */,
				A287D4141C9C0600003534C1 /* PrimaryInfo_high@2x.png */,
				A287D4151C9C0600003534C1 /* PrimaryInfo_high@3x.png */,
				A287D4161C9C0600003534C1 /* PrimaryInfo_low@2x.png */,
				A287D4171C9C0600003534C1 /* PrimaryInfo_low@3x.png */,
				A287D4181C9C0600003534C1 /* raindrop */,
				A287D4221C9C0600003534C1 /* scroll@2x.png */,
				A287D4231C9C0600003534C1 /* scrollContent.jpg */,
				A287D4241C9C0600003534C1 /* top_condition_72x72 */,
			);
			path = Images;
			sourceTree = "<group>";
		};
		A287D3EA1C9BF66D003534C1 /* other */ = {
			isa = PBXGroup;
			children = (
				A287D3B31C9BEE1F003534C1 /* Info.plist */,
				A287D3A31C9BEE1F003534C1 /* main.m */,
				A287D3A51C9BEE1F003534C1 /* AppDelegate.h */,
				A287D3A61C9BEE1F003534C1 /* AppDelegate.m */,
			);
			name = other;
			sourceTree = "<group>";
		};
		A287D40F1C9BFF24003534C1 /* Utils */ = {
			isa = PBXGroup;
			children = (
				A287D4101C9BFF4A003534C1 /* MacroDef.h */,
				A20EE92F1CA11E6E00A8F4C3 /* ZYConstantDef.h */,
				A20EE9301CA11E6E00A8F4C3 /* ZYConstantDef.m */,
			);
			path = Utils;
			sourceTree = "<group>";
		};
		A287D4181C9C0600003534C1 /* raindrop */ = {
			isa = PBXGroup;
			children = (
				A287D4191C9C0600003534C1 /* raindrop.png */,
				A287D41A1C9C0600003534C1 /* raindrop@2x.png */,
				A287D41B1C9C0600003534C1 /* raindrop@3x.png */,
				A287D41C1C9C0600003534C1 /* raindrop_blue.png */,
				A287D41D1C9C0600003534C1 /* raindrop_blue@2x.png */,
				A287D41E1C9C0600003534C1 /* wave2.png */,
				A287D41F1C9C0600003534C1 /* wave2@2x.png */,
				A287D4201C9C0600003534C1 /* wave_flat.png */,
				A287D4211C9C0600003534C1 /* wave_flat@2x.png */,
			);
			path = raindrop;
			sourceTree = "<group>";
		};
		A287D4241C9C0600003534C1 /* top_condition_72x72 */ = {
			isa = PBXGroup;
			children = (
				A287D4251C9C0600003534C1 /* clear_day@2x.png */,
				A287D4261C9C0600003534C1 /* clear_day@3x.png */,
				A287D4271C9C0600003534C1 /* clear_night@2x.png */,
				A287D4281C9C0600003534C1 /* clear_night@3x.png */,
				A287D4291C9C0600003534C1 /* cloudy_day_night@2x.png */,
				A287D42A1C9C0600003534C1 /* cloudy_day_night@3x.png */,
				A287D42B1C9C0600003534C1 /* dust_day_night@2x.png */,
				A287D42C1C9C0600003534C1 /* dust_day_night@3x.png */,
				A287D42D1C9C0600003534C1 /* fair_day@2x.png */,
				A287D42E1C9C0600003534C1 /* fair_day@3x.png */,
				A287D42F1C9C0600003534C1 /* fair_night@2x.png */,
				A287D4301C9C0600003534C1 /* fair_night@3x.png */,
				A287D4311C9C0600003534C1 /* flash_flood_day_night@2x.png */,
				A287D4321C9C0600003534C1 /* flash_flood_day_night@3x.png */,
				A287D4331C9C0600003534C1 /* flurries_day_night@2x.png */,
				A287D4341C9C0600003534C1 /* flurries_day_night@3x.png */,
				A287D4351C9C0600003534C1 /* fog_day_night@2x.png */,
				A287D4361C9C0600003534C1 /* fog_day_night@3x.png */,
				A287D4371C9C0600003534C1 /* fog_moon_night@2x.png */,
				A287D4381C9C0600003534C1 /* fog_moon_night@3x.png */,
				A287D4391C9C0600003534C1 /* fog_sun_day@2x.png */,
				A287D43A1C9C0600003534C1 /* fog_sun_day@3x.png */,
				A287D43B1C9C0600003534C1 /* freezing_rain_day_night@2x.png */,
				A287D43C1C9C0600003534C1 /* freezing_rain_day_night@3x.png */,
				A287D43D1C9C0600003534C1 /* hail_day_night@2x.png */,
				A287D43E1C9C0600003534C1 /* hail_day_night@3x.png */,
				A287D43F1C9C0600003534C1 /* haze_day_night@2x.png */,
				A287D4401C9C0600003534C1 /* haze_day_night@3x.png */,
				A287D4411C9C0600003534C1 /* heavy_snow_day_night@2x.png */,
				A287D4421C9C0600003534C1 /* heavy_snow_day_night@3x.png */,
				A287D4431C9C0600003534C1 /* hurricane_day_night@2x.png */,
				A287D4441C9C0600003534C1 /* hurricane_day_night@3x.png */,
				A287D4451C9C0600003534C1 /* light_rain_day_night@2x.png */,
				A287D4461C9C0600003534C1 /* light_rain_day_night@3x.png */,
				A287D4471C9C0600003534C1 /* mostly_cloudy_day_night@2x.png */,
				A287D4481C9C0600003534C1 /* mostly_cloudy_day_night@3x.png */,
				A287D4491C9C0600003534C1 /* na@2x.png */,
				A287D44A1C9C0600003534C1 /* na@3x.png */,
				A287D44B1C9C0600003534C1 /* partly_cloudy_day@2x.png */,
				A287D44C1C9C0600003534C1 /* partly_cloudy_day@3x.png */,
				A287D44D1C9C0600003534C1 /* partly_cloudy_night@2x.png */,
				A287D44E1C9C0600003534C1 /* partly_cloudy_night@3x.png */,
				A287D44F1C9C0600003534C1 /* rain_day_night@2x.png */,
				A287D4501C9C0600003534C1 /* rain_day_night@3x.png */,
				A287D4511C9C0600003534C1 /* scattered_showers_day_night@2x.png */,
				A287D4521C9C0600003534C1 /* scattered_showers_day_night@3x.png */,
				A287D4531C9C0600003534C1 /* scattered_thundershowers_day@2x.png */,
				A287D4541C9C0600003534C1 /* scattered_thundershowers_day@3x.png */,
				A287D4551C9C0600003534C1 /* scattered_thundershowers_night@2x.png */,
				A287D4561C9C0600003534C1 /* scattered_thundershowers_night@3x.png */,
				A287D4571C9C0600003534C1 /* sleet_day_night@2x.png */,
				A287D4581C9C0600003534C1 /* sleet_day_night@3x.png */,
				A287D4591C9C0600003534C1 /* sleet_mix_day_night@2x.png */,
				A287D45A1C9C0600003534C1 /* sleet_mix_day_night@3x.png */,
				A287D45B1C9C0600003534C1 /* smoky_day_night@2x.png */,
				A287D45C1C9C0600003534C1 /* smoky_day_night@3x.png */,
				A287D45D1C9C0600003534C1 /* snow_day_night@2x.png */,
				A287D45E1C9C0600003534C1 /* snow_day_night@3x.png */,
				A287D45F1C9C0600003534C1 /* snow_rain_mix_day_night@2x.png */,
				A287D4601C9C0600003534C1 /* snow_rain_mix_day_night@3x.png */,
				A287D4611C9C0600003534C1 /* thundershowers_day_night@2x.png */,
				A287D4621C9C0600003534C1 /* thundershowers_day_night@3x.png */,
				A287D4631C9C0600003534C1 /* thunderstorm_day_night@2x.png */,
				A287D4641C9C0600003534C1 /* thunderstorm_day_night@3x.png */,
				A287D4651C9C0600003534C1 /* tornado_day_night@2x.png */,
				A287D4661C9C0600003534C1 /* tornado_day_night@3x.png */,
				A287D4671C9C0600003534C1 /* windy_day_night@2x.png */,
				A287D4681C9C0600003534C1 /* windy_day_night@3x.png */,
			);
			path = top_condition_72x72;
			sourceTree = "<group>";
		};
		FE86CB14CE863AD05A112310 /* Pods */ = {
			isa = PBXGroup;
			children = (
				F092076FE755433811DC58FD /* Pods-Weather.debug.xcconfig */,
				D506662AEA92791C253C96A6 /* Pods-Weather.release.xcconfig */,
			);
			name = Pods;
			sourceTree = "<group>";
		};
/* End PBXGroup section */

/* Begin PBXNativeTarget section */
		A287D39E1C9BEE1F003534C1 /* Weather */ = {
			isa = PBXNativeTarget;
			buildConfigurationList = A287D3CC1C9BEE1F003534C1 /* Build configuration list for PBXNativeTarget "Weather" */;
			buildPhases = (
				305F5983D76EC28CD800E7AE /* Check Pods Manifest.lock */,
				A287D39B1C9BEE1F003534C1 /* Sources */,
				A287D39C1C9BEE1F003534C1 /* Frameworks */,
				A287D39D1C9BEE1F003534C1 /* Resources */,
				C19AB55E78A335E87E416389 /* Embed Pods Frameworks */,
				F64C451C5CB04C4D2B65FE90 /* Copy Pods Resources */,
			);
			buildRules = (
			);
			dependencies = (
			);
			name = Weather;
			productName = Weather;
			productReference = A287D39F1C9BEE1F003534C1 /* Weather.app */;
			productType = "com.apple.product-type.application";
		};
		A287D3B71C9BEE1F003534C1 /* WeatherTests */ = {
			isa = PBXNativeTarget;
			buildConfigurationList = A287D3CF1C9BEE1F003534C1 /* Build configuration list for PBXNativeTarget "WeatherTests" */;
			buildPhases = (
				A287D3B41C9BEE1F003534C1 /* Sources */,
				A287D3B51C9BEE1F003534C1 /* Frameworks */,
				A287D3B61C9BEE1F003534C1 /* Resources */,
			);
			buildRules = (
			);
			dependencies = (
				A287D3BA1C9BEE1F003534C1 /* PBXTargetDependency */,
			);
			name = WeatherTests;
			productName = WeatherTests;
			productReference = A287D3B81C9BEE1F003534C1 /* WeatherTests.xctest */;
			productType = "com.apple.product-type.bundle.unit-test";
		};
		A287D3C21C9BEE1F003534C1 /* WeatherUITests */ = {
			isa = PBXNativeTarget;
			buildConfigurationList = A287D3D21C9BEE1F003534C1 /* Build configuration list for PBXNativeTarget "WeatherUITests" */;
			buildPhases = (
				A287D3BF1C9BEE1F003534C1 /* Sources */,
				A287D3C01C9BEE1F003534C1 /* Frameworks */,
				A287D3C11C9BEE1F003534C1 /* Resources */,
			);
			buildRules = (
			);
			dependencies = (
				A287D3C51C9BEE1F003534C1 /* PBXTargetDependency */,
			);
			name = WeatherUITests;
			productName = WeatherUITests;
			productReference = A287D3C31C9BEE1F003534C1 /* WeatherUITests.xctest */;
			productType = "com.apple.product-type.bundle.ui-testing";
		};
/* End PBXNativeTarget section */

/* Begin PBXProject section */
		A287D3971C9BEE1F003534C1 /* Project object */ = {
			isa = PBXProject;
			attributes = {
				LastUpgradeCheck = 0720;
				ORGANIZATIONNAME = zyqiosexercise;
				TargetAttributes = {
					A287D39E1C9BEE1F003534C1 = {
						CreatedOnToolsVersion = 7.2;
					};
					A287D3B71C9BEE1F003534C1 = {
						CreatedOnToolsVersion = 7.2;
						TestTargetID = A287D39E1C9BEE1F003534C1;
					};
					A287D3C21C9BEE1F003534C1 = {
						CreatedOnToolsVersion = 7.2;
						TestTargetID = A287D39E1C9BEE1F003534C1;
					};
				};
			};
			buildConfigurationList = A287D39A1C9BEE1F003534C1 /* Build configuration list for PBXProject "Weather" */;
			compatibilityVersion = "Xcode 3.2";
			developmentRegion = English;
			hasScannedForEncodings = 0;
			knownRegions = (
				en,
				Base,
			);
			mainGroup = A287D3961C9BEE1F003534C1;
			productRefGroup = A287D3A01C9BEE1F003534C1 /* Products */;
			projectDirPath = "";
			projectRoot = "";
			targets = (
				A287D39E1C9BEE1F003534C1 /* Weather */,
				A287D3B71C9BEE1F003534C1 /* WeatherTests */,
				A287D3C21C9BEE1F003534C1 /* WeatherUITests */,
			);
		};
/* End PBXProject section */

/* Begin PBXResourcesBuildPhase section */
		A287D39D1C9BEE1F003534C1 /* Resources */ = {
			isa = PBXResourcesBuildPhase;
			buildActionMask = 2147483647;
			files = (
				A287D49F1C9C0600003534C1 /* na@2x.png in Resources */,
				A287D4AD1C9C0600003534C1 /* sleet_day_night@2x.png in Resources */,
				A287D47B1C9C0600003534C1 /* clear_day@2x.png in Resources */,
				A287D4801C9C0600003534C1 /* cloudy_day_night@3x.png in Resources */,
				A287D4B81C9C0600003534C1 /* thundershowers_day_night@3x.png in Resources */,
				A287D49C1C9C0600003534C1 /* light_rain_day_night@3x.png in Resources */,
				A287D4A71C9C0600003534C1 /* scattered_showers_day_night@2x.png in Resources */,
				A287D4791C9C0600003534C1 /* scroll@2x.png in Resources */,
				A287D4BA1C9C0600003534C1 /* thunderstorm_day_night@3x.png in Resources */,
				A287D4891C9C0600003534C1 /* flurries_day_night@2x.png in Resources */,
				A287D4901C9C0600003534C1 /* fog_sun_day@3x.png in Resources */,
				A287D49B1C9C0600003534C1 /* light_rain_day_night@2x.png in Resources */,
				A287D4721C9C0600003534C1 /* raindrop@3x.png in Resources */,
				A287D4701C9C0600003534C1 /* raindrop.png in Resources */,
				A287D4A01C9C0600003534C1 /* na@3x.png in Resources */,
				A287D4751C9C0600003534C1 /* wave2.png in Resources */,
				A287D3B21C9BEE1F003534C1 /* LaunchScreen.storyboard in Resources */,
				A287D4881C9C0600003534C1 /* flash_flood_day_night@3x.png in Resources */,
				A287D4AC1C9C0600003534C1 /* scattered_thundershowers_night@3x.png in Resources */,
				A287D4A21C9C0600003534C1 /* partly_cloudy_day@3x.png in Resources */,
				A287D48A1C9C0600003534C1 /* flurries_day_night@3x.png in Resources */,
				A287D49A1C9C0600003534C1 /* hurricane_day_night@3x.png in Resources */,
				A287D3AF1C9BEE1F003534C1 /* Assets.xcassets in Resources */,
				A287D4A41C9C0600003534C1 /* partly_cloudy_night@3x.png in Resources */,
				A287D4B51C9C0600003534C1 /* snow_rain_mix_day_night@2x.png in Resources */,
				A287D4731C9C0600003534C1 /* raindrop_blue.png in Resources */,
				A287D4951C9C0600003534C1 /* haze_day_night@2x.png in Resources */,
				A287D4B41C9C0600003534C1 /* snow_day_night@3x.png in Resources */,
				A287D4BB1C9C0600003534C1 /* tornado_day_night@2x.png in Resources */,
				A287D4A51C9C0600003534C1 /* rain_day_night@2x.png in Resources */,
				A287D4A81C9C0600003534C1 /* scattered_showers_day_night@3x.png in Resources */,
				A287D49E1C9C0600003534C1 /* mostly_cloudy_day_night@3x.png in Resources */,
				A287D47E1C9C0600003534C1 /* clear_night@3x.png in Resources */,
				A287D4861C9C0600003534C1 /* fair_night@3x.png in Resources */,
				A287D4811C9C0600003534C1 /* dust_day_night@2x.png in Resources */,
				A287D4B91C9C0600003534C1 /* thunderstorm_day_night@2x.png in Resources */,
				A287D4AF1C9C0600003534C1 /* sleet_mix_day_night@2x.png in Resources */,
				A287D4B71C9C0600003534C1 /* thundershowers_day_night@2x.png in Resources */,
				A287D4961C9C0600003534C1 /* haze_day_night@3x.png in Resources */,
				A287D47F1C9C0600003534C1 /* cloudy_day_night@2x.png in Resources */,
				A287D4931C9C0600003534C1 /* hail_day_night@2x.png in Resources */,
				A287D4921C9C0600003534C1 /* freezing_rain_day_night@3x.png in Resources */,
				A287D4A11C9C0600003534C1 /* partly_cloudy_day@2x.png in Resources */,
				A287D46A1C9C0600003534C1 /* divider_horizontal@2x.png in Resources */,
				A287D4771C9C0600003534C1 /* wave_flat.png in Resources */,
				A287D48C1C9C0600003534C1 /* fog_day_night@3x.png in Resources */,
				A287D4851C9C0600003534C1 /* fair_night@2x.png in Resources */,
				A287D4AE1C9C0600003534C1 /* sleet_day_night@3x.png in Resources */,
				A287D4781C9C0600003534C1 /* wave_flat@2x.png in Resources */,
				A287D4711C9C0600003534C1 /* raindrop@2x.png in Resources */,
				A287D46C1C9C0600003534C1 /* PrimaryInfo_high@2x.png in Resources */,
				A287D4971C9C0600003534C1 /* heavy_snow_day_night@2x.png in Resources */,
				A287D4991C9C0600003534C1 /* hurricane_day_night@2x.png in Resources */,
				A287D4BE1C9C0600003534C1 /* windy_day_night@3x.png in Resources */,
				A287D49D1C9C0600003534C1 /* mostly_cloudy_day_night@2x.png in Resources */,
				A287D4821C9C0600003534C1 /* dust_day_night@3x.png in Resources */,
				A287D4BC1C9C0600003534C1 /* tornado_day_night@3x.png in Resources */,
				A287D48E1C9C0600003534C1 /* fog_moon_night@3x.png in Resources */,
				A287D4B21C9C0600003534C1 /* smoky_day_night@3x.png in Resources */,
				A287D4AB1C9C0600003534C1 /* scattered_thundershowers_night@2x.png in Resources */,
				A287D46E1C9C0600003534C1 /* PrimaryInfo_low@2x.png in Resources */,
				A287D4691C9C0600003534C1 /* bg.png in Resources */,
				A287D4B31C9C0600003534C1 /* snow_day_night@2x.png in Resources */,
				A287D4831C9C0600003534C1 /* fair_day@2x.png in Resources */,
				A287D4A31C9C0600003534C1 /* partly_cloudy_night@2x.png in Resources */,
				A287D47D1C9C0600003534C1 /* clear_night@2x.png in Resources */,
				A287D46B1C9C0600003534C1 /* divider_horizontal@3x.png in Resources */,
				A287D46F1C9C0600003534C1 /* PrimaryInfo_low@3x.png in Resources */,
				A287D46D1C9C0600003534C1 /* PrimaryInfo_high@3x.png in Resources */,
				A287D4B11C9C0600003534C1 /* smoky_day_night@2x.png in Resources */,
				A287D4B61C9C0600003534C1 /* snow_rain_mix_day_night@3x.png in Resources */,
				A287D4AA1C9C0600003534C1 /* scattered_thundershowers_day@3x.png in Resources */,
				A287D4A61C9C0600003534C1 /* rain_day_night@3x.png in Resources */,
				A287D4B01C9C0600003534C1 /* sleet_mix_day_night@3x.png in Resources */,
				A287D48B1C9C0600003534C1 /* fog_day_night@2x.png in Resources */,
				A287D4BD1C9C0600003534C1 /* windy_day_night@2x.png in Resources */,
				A287D4761C9C0600003534C1 /* wave2@2x.png in Resources */,
				A287D47A1C9C0600003534C1 /* scrollContent.jpg in Resources */,
				A287D47C1C9C0600003534C1 /* clear_day@3x.png in Resources */,
				A287D4941C9C0600003534C1 /* hail_day_night@3x.png in Resources */,
				A287D48D1C9C0600003534C1 /* fog_moon_night@2x.png in Resources */,
				A287D48F1C9C0600003534C1 /* fog_sun_day@2x.png in Resources */,
				A287D4841C9C0600003534C1 /* fair_day@3x.png in Resources */,
				A287D4741C9C0600003534C1 /* raindrop_blue@2x.png in Resources */,
				A287D4A91C9C0600003534C1 /* scattered_thundershowers_day@2x.png in Resources */,
				A287D4871C9C0600003534C1 /* flash_flood_day_night@2x.png in Resources */,
				A287D4981C9C0600003534C1 /* heavy_snow_day_night@3x.png in Resources */,
				A287D4911C9C0600003534C1 /* freezing_rain_day_night@2x.png in Resources */,
			);
			runOnlyForDeploymentPostprocessing = 0;
		};
		A287D3B61C9BEE1F003534C1 /* Resources */ = {
			isa = PBXResourcesBuildPhase;
			buildActionMask = 2147483647;
			files = (
			);
			runOnlyForDeploymentPostprocessing = 0;
		};
		A287D3C11C9BEE1F003534C1 /* Resources */ = {
			isa = PBXResourcesBuildPhase;
			buildActionMask = 2147483647;
			files = (
			);
			runOnlyForDeploymentPostprocessing = 0;
		};
/* End PBXResourcesBuildPhase section */

/* Begin PBXShellScriptBuildPhase section */
		305F5983D76EC28CD800E7AE /* Check Pods Manifest.lock */ = {
			isa = PBXShellScriptBuildPhase;
			buildActionMask = 2147483647;
			files = (
			);
			inputPaths = (
			);
			name = "Check Pods Manifest.lock";
			outputPaths = (
			);
			runOnlyForDeploymentPostprocessing = 0;
			shellPath = /bin/sh;
			shellScript = "diff \"${PODS_ROOT}/../Podfile.lock\" \"${PODS_ROOT}/Manifest.lock\" > /dev/null\nif [[ $? != 0 ]] ; then\n    cat << EOM\nerror: The sandbox is not in sync with the Podfile.lock. Run 'pod install' or update your CocoaPods installation.\nEOM\n    exit 1\nfi\n";
			showEnvVarsInLog = 0;
		};
		C19AB55E78A335E87E416389 /* Embed Pods Frameworks */ = {
			isa = PBXShellScriptBuildPhase;
			buildActionMask = 2147483647;
			files = (
			);
			inputPaths = (
			);
			name = "Embed Pods Frameworks";
			outputPaths = (
			);
			runOnlyForDeploymentPostprocessing = 0;
			shellPath = /bin/sh;
			shellScript = "\"${SRCROOT}/Pods/Target Support Files/Pods-Weather/Pods-Weather-frameworks.sh\"\n";
			showEnvVarsInLog = 0;
		};
		F64C451C5CB04C4D2B65FE90 /* Copy Pods Resources */ = {
			isa = PBXShellScriptBuildPhase;
			buildActionMask = 2147483647;
			files = (
			);
			inputPaths = (
			);
			name = "Copy Pods Resources";
			outputPaths = (
			);
			runOnlyForDeploymentPostprocessing = 0;
			shellPath = /bin/sh;
			shellScript = "\"${SRCROOT}/Pods/Target Support Files/Pods-Weather/Pods-Weather-resources.sh\"\n";
			showEnvVarsInLog = 0;
		};
/* End PBXShellScriptBuildPhase section */

/* Begin PBXSourcesBuildPhase section */
		A287D39B1C9BEE1F003534C1 /* Sources */ = {
			isa = PBXSourcesBuildPhase;
			buildActionMask = 2147483647;
			files = (
				A287D3ED1C9BF704003534C1 /* ZYUIMainViewController.m in Sources */,
				A287D40D1C9BFE77003534C1 /* ZYUIPrecipitationRaindropView.m in Sources */,
				A287D3A71C9BEE1F003534C1 /* AppDelegate.m in Sources */,
				A20EE9341CA125E600A8F4C3 /* ZYPrecipitationModel.m in Sources */,
				A287D3A41C9BEE1F003534C1 /* main.m in Sources */,
				A287D4071C9BFE77003534C1 /* ZYUIDetailInfoRightCellView.m in Sources */,
				A287D4091C9BFE77003534C1 /* ZYUIForecastView.m in Sources */,
				A20EE9311CA11E6E00A8F4C3 /* ZYConstantDef.m in Sources */,
				A25DF6191CA50A820050A286 /* ZYUISmallWindmillView.m in Sources */,
				A287D40A1C9BFE77003534C1 /* ZYUILabelWithLineView.m in Sources */,
				A287D40C1C9BFE77003534C1 /* ZYUIPrecipitationInfoView.m in Sources */,
				A287D4061C9BFE77003534C1 /* ZYUIHorizontalDashLineView.m in Sources */,
				A2655FF31C9FC880004FF403 /* ZYUIVerticalDashLineView.m in Sources */,
				A287D4081C9BFE77003534C1 /* ZYUIDetailInfoView.m in Sources */,
				A287D40B1C9BFE77003534C1 /* ZYUIPrecipitationInfoCell.m in Sources */,
				A25B35921CA2923900394585 /* ZYUIBigWindmillView.m in Sources */,
				A287D40E1C9BFE77003534C1 /* ZYUITemperatureView.m in Sources */,
				A287D3F31C9BF82C003534C1 /* ZYUILeftMenuViewController.m in Sources */,
				A287D3F21C9BF82C003534C1 /* ZYUIPageContentViewController.m in Sources */,
			);
			runOnlyForDeploymentPostprocessing = 0;
		};
		A287D3B41C9BEE1F003534C1 /* Sources */ = {
			isa = PBXSourcesBuildPhase;
			buildActionMask = 2147483647;
			files = (
				A287D3BD1C9BEE1F003534C1 /* WeatherTests.m in Sources */,
			);
			runOnlyForDeploymentPostprocessing = 0;
		};
		A287D3BF1C9BEE1F003534C1 /* Sources */ = {
			isa = PBXSourcesBuildPhase;
			buildActionMask = 2147483647;
			files = (
				A287D3C81C9BEE1F003534C1 /* WeatherUITests.m in Sources */,
			);
			runOnlyForDeploymentPostprocessing = 0;
		};
/* End PBXSourcesBuildPhase section */

/* Begin PBXTargetDependency section */
		A287D3BA1C9BEE1F003534C1 /* PBXTargetDependency */ = {
			isa = PBXTargetDependency;
			target = A287D39E1C9BEE1F003534C1 /* Weather */;
			targetProxy = A287D3B91C9BEE1F003534C1 /* PBXContainerItemProxy */;
		};
		A287D3C51C9BEE1F003534C1 /* PBXTargetDependency */ = {
			isa = PBXTargetDependency;
			target = A287D39E1C9BEE1F003534C1 /* Weather */;
			targetProxy = A287D3C41C9BEE1F003534C1 /* PBXContainerItemProxy */;
		};
/* End PBXTargetDependency section */

/* Begin PBXVariantGroup section */
		A287D3B01C9BEE1F003534C1 /* LaunchScreen.storyboard */ = {
			isa = PBXVariantGroup;
			children = (
				A287D3B11C9BEE1F003534C1 /* Base */,
			);
			name = LaunchScreen.storyboard;
			sourceTree = "<group>";
		};
/* End PBXVariantGroup section */

/* Begin XCBuildConfiguration section */
		A287D3CA1C9BEE1F003534C1 /* Debug */ = {
			isa = XCBuildConfiguration;
			buildSettings = {
				ALWAYS_SEARCH_USER_PATHS = YES;
				CLANG_CXX_LANGUAGE_STANDARD = "gnu++0x";
				CLANG_CXX_LIBRARY = "libc++";
				CLANG_ENABLE_MODULES = YES;
				CLANG_ENABLE_OBJC_ARC = YES;
				CLANG_WARN_BOOL_CONVERSION = YES;
				CLANG_WARN_CONSTANT_CONVERSION = YES;
				CLANG_WARN_DIRECT_OBJC_ISA_USAGE = YES_ERROR;
				CLANG_WARN_EMPTY_BODY = YES;
				CLANG_WARN_ENUM_CONVERSION = YES;
				CLANG_WARN_INT_CONVERSION = YES;
				CLANG_WARN_OBJC_ROOT_CLASS = YES_ERROR;
				CLANG_WARN_UNREACHABLE_CODE = YES;
				CLANG_WARN__DUPLICATE_METHOD_MATCH = YES;
				"CODE_SIGN_IDENTITY[sdk=iphoneos*]" = "iPhone Developer";
				COPY_PHASE_STRIP = NO;
				DEBUG_INFORMATION_FORMAT = dwarf;
				ENABLE_STRICT_OBJC_MSGSEND = YES;
				ENABLE_TESTABILITY = YES;
				GCC_C_LANGUAGE_STANDARD = gnu99;
				GCC_DYNAMIC_NO_PIC = NO;
				GCC_NO_COMMON_BLOCKS = YES;
				GCC_OPTIMIZATION_LEVEL = 0;
				GCC_PREPROCESSOR_DEFINITIONS = (
					"DEBUG=1",
					"$(inherited)",
				);
				GCC_WARN_64_TO_32_BIT_CONVERSION = YES;
				GCC_WARN_ABOUT_RETURN_TYPE = YES_ERROR;
				GCC_WARN_UNDECLARED_SELECTOR = YES;
				GCC_WARN_UNINITIALIZED_AUTOS = YES_AGGRESSIVE;
				GCC_WARN_UNUSED_FUNCTION = YES;
				GCC_WARN_UNUSED_VARIABLE = YES;
				HEADER_SEARCH_PATHS = (
					"\"${SRCROOT}\"/**",
					"\"${SRCROOT}\"/Pods/**",
				);
				IPHONEOS_DEPLOYMENT_TARGET = 7.0;
				MTL_ENABLE_DEBUG_INFO = YES;
				ONLY_ACTIVE_ARCH = YES;
				SDKROOT = iphoneos;
			};
			name = Debug;
		};
		A287D3CB1C9BEE1F003534C1 /* Release */ = {
			isa = XCBuildConfiguration;
			buildSettings = {
				ALWAYS_SEARCH_USER_PATHS = YES;
				CLANG_CXX_LANGUAGE_STANDARD = "gnu++0x";
				CLANG_CXX_LIBRARY = "libc++";
				CLANG_ENABLE_MODULES = YES;
				CLANG_ENABLE_OBJC_ARC = YES;
				CLANG_WARN_BOOL_CONVERSION = YES;
				CLANG_WARN_CONSTANT_CONVERSION = YES;
				CLANG_WARN_DIRECT_OBJC_ISA_USAGE = YES_ERROR;
				CLANG_WARN_EMPTY_BODY = YES;
				CLANG_WARN_ENUM_CONVERSION = YES;
				CLANG_WARN_INT_CONVERSION = YES;
				CLANG_WARN_OBJC_ROOT_CLASS = YES_ERROR;
				CLANG_WARN_UNREACHABLE_CODE = YES;
				CLANG_WARN__DUPLICATE_METHOD_MATCH = YES;
				"CODE_SIGN_IDENTITY[sdk=iphoneos*]" = "iPhone Developer";
				COPY_PHASE_STRIP = NO;
				DEBUG_INFORMATION_FORMAT = "dwarf-with-dsym";
				ENABLE_NS_ASSERTIONS = NO;
				ENABLE_STRICT_OBJC_MSGSEND = YES;
				GCC_C_LANGUAGE_STANDARD = gnu99;
				GCC_NO_COMMON_BLOCKS = YES;
				GCC_WARN_64_TO_32_BIT_CONVERSION = YES;
				GCC_WARN_ABOUT_RETURN_TYPE = YES_ERROR;
				GCC_WARN_UNDECLARED_SELECTOR = YES;
				GCC_WARN_UNINITIALIZED_AUTOS = YES_AGGRESSIVE;
				GCC_WARN_UNUSED_FUNCTION = YES;
				GCC_WARN_UNUSED_VARIABLE = YES;
				HEADER_SEARCH_PATHS = (
					"\"${SRCROOT}\"/**",
					"\"${SRCROOT}\"/Pods/**",
				);
				IPHONEOS_DEPLOYMENT_TARGET = 7.0;
				MTL_ENABLE_DEBUG_INFO = NO;
				SDKROOT = iphoneos;
				VALIDATE_PRODUCT = YES;
			};
			name = Release;
		};
		A287D3CD1C9BEE1F003534C1 /* Debug */ = {
			isa = XCBuildConfiguration;
			baseConfigurationReference = F092076FE755433811DC58FD /* Pods-Weather.debug.xcconfig */;
			buildSettings = {
				ALWAYS_SEARCH_USER_PATHS = YES;
				ASSETCATALOG_COMPILER_APPICON_NAME = AppIcon;
				HEADER_SEARCH_PATHS = (
					"$(inherited)/**",
					"\"${PODS_ROOT}/Headers/Public\"/**",
					"\"${PODS_ROOT}/Headers/Public/ECSlidingViewController\"/**",
					"\"${PODS_ROOT}/Headers/Public/MJRefresh\"/**",
					"\"${PODS_ROOT}/Headers/Public/Masonry\"/**",
					"\"${PODS_ROOT}/Headers/Public/RESideMenu\"/**",
					"\"${PODS_ROOT}/Headers/Public/ReactiveCocoa\"/**",
					"\"${PODS_ROOT}/Headers/Public/UIImage+BlurredFrame\"/**",
					"\"${SRCROOT}\"/**",
				);
				INFOPLIST_FILE = Weather/Info.plist;
				LD_RUNPATH_SEARCH_PATHS = "$(inherited) @executable_path/Frameworks";
				PRODUCT_BUNDLE_IDENTIFIER = com.cn.zyq.Weather;
				PRODUCT_NAME = "$(TARGET_NAME)";
			};
			name = Debug;
		};
		A287D3CE1C9BEE1F003534C1 /* Release */ = {
			isa = XCBuildConfiguration;
			baseConfigurationReference = D506662AEA92791C253C96A6 /* Pods-Weather.release.xcconfig */;
			buildSettings = {
				ALWAYS_SEARCH_USER_PATHS = YES;
				ASSETCATALOG_COMPILER_APPICON_NAME = AppIcon;
				HEADER_SEARCH_PATHS = (
					"$(inherited)/**",
					"\"${PODS_ROOT}/Headers/Public\"/**",
					"\"${PODS_ROOT}/Headers/Public/ECSlidingViewController\"/**",
					"\"${PODS_ROOT}/Headers/Public/MJRefresh\"/**",
					"\"${PODS_ROOT}/Headers/Public/Masonry\"/**",
					"\"${PODS_ROOT}/Headers/Public/RESideMenu\"/**",
					"\"${PODS_ROOT}/Headers/Public/ReactiveCocoa\"/**",
					"\"${PODS_ROOT}/Headers/Public/UIImage+BlurredFrame\"/**",
					"\"${SRCROOT}\"/**",
				);
				INFOPLIST_FILE = Weather/Info.plist;
				LD_RUNPATH_SEARCH_PATHS = "$(inherited) @executable_path/Frameworks";
				PRODUCT_BUNDLE_IDENTIFIER = com.cn.zyq.Weather;
				PRODUCT_NAME = "$(TARGET_NAME)";
			};
			name = Release;
		};
		A287D3D01C9BEE1F003534C1 /* Debug */ = {
			isa = XCBuildConfiguration;
			buildSettings = {
				BUNDLE_LOADER = "$(TEST_HOST)";
				INFOPLIST_FILE = WeatherTests/Info.plist;
				LD_RUNPATH_SEARCH_PATHS = "$(inherited) @executable_path/Frameworks @loader_path/Frameworks";
				PRODUCT_BUNDLE_IDENTIFIER = com.cn.zyq.WeatherTests;
				PRODUCT_NAME = "$(TARGET_NAME)";
				TEST_HOST = "$(BUILT_PRODUCTS_DIR)/Weather.app/Weather";
			};
			name = Debug;
		};
		A287D3D11C9BEE1F003534C1 /* Release */ = {
			isa = XCBuildConfiguration;
			buildSettings = {
				BUNDLE_LOADER = "$(TEST_HOST)";
				INFOPLIST_FILE = WeatherTests/Info.plist;
				LD_RUNPATH_SEARCH_PATHS = "$(inherited) @executable_path/Frameworks @loader_path/Frameworks";
				PRODUCT_BUNDLE_IDENTIFIER = com.cn.zyq.WeatherTests;
				PRODUCT_NAME = "$(TARGET_NAME)";
				TEST_HOST = "$(BUILT_PRODUCTS_DIR)/Weather.app/Weather";
			};
			name = Release;
		};
		A287D3D31C9BEE1F003534C1 /* Debug */ = {
			isa = XCBuildConfiguration;
			buildSettings = {
				INFOPLIST_FILE = WeatherUITests/Info.plist;
				LD_RUNPATH_SEARCH_PATHS = "$(inherited) @executable_path/Frameworks @loader_path/Frameworks";
				PRODUCT_BUNDLE_IDENTIFIER = com.cn.zyq.WeatherUITests;
				PRODUCT_NAME = "$(TARGET_NAME)";
				TEST_TARGET_NAME = Weather;
				USES_XCTRUNNER = YES;
			};
			name = Debug;
		};
		A287D3D41C9BEE1F003534C1 /* Release */ = {
			isa = XCBuildConfiguration;
			buildSettings = {
				INFOPLIST_FILE = WeatherUITests/Info.plist;
				LD_RUNPATH_SEARCH_PATHS = "$(inherited) @executable_path/Frameworks @loader_path/Frameworks";
				PRODUCT_BUNDLE_IDENTIFIER = com.cn.zyq.WeatherUITests;
				PRODUCT_NAME = "$(TARGET_NAME)";
				TEST_TARGET_NAME = Weather;
				USES_XCTRUNNER = YES;
			};
			name = Release;
		};
/* End XCBuildConfiguration section */

/* Begin XCConfigurationList section */
		A287D39A1C9BEE1F003534C1 /* Build configuration list for PBXProject "Weather" */ = {
			isa = XCConfigurationList;
			buildConfigurations = (
				A287D3CA1C9BEE1F003534C1 /* Debug */,
				A287D3CB1C9BEE1F003534C1 /* Release */,
			);
			defaultConfigurationIsVisible = 0;
			defaultConfigurationName = Release;
		};
		A287D3CC1C9BEE1F003534C1 /* Build configuration list for PBXNativeTarget "Weather" */ = {
			isa = XCConfigurationList;
			buildConfigurations = (
				A287D3CD1C9BEE1F003534C1 /* Debug */,
				A287D3CE1C9BEE1F003534C1 /* Release */,
			);
			defaultConfigurationIsVisible = 0;
			defaultConfigurationName = Release;
		};
		A287D3CF1C9BEE1F003534C1 /* Build configuration list for PBXNativeTarget "WeatherTests" */ = {
			isa = XCConfigurationList;
			buildConfigurations = (
				A287D3D01C9BEE1F003534C1 /* Debug */,
				A287D3D11C9BEE1F003534C1 /* Release */,
			);
			defaultConfigurationIsVisible = 0;
			defaultConfigurationName = Release;
		};
		A287D3D21C9BEE1F003534C1 /* Build configuration list for PBXNativeTarget "WeatherUITests" */ = {
			isa = XCConfigurationList;
			buildConfigurations = (
				A287D3D31C9BEE1F003534C1 /* Debug */,
				A287D3D41C9BEE1F003534C1 /* Release */,
			);
			defaultConfigurationIsVisible = 0;
			defaultConfigurationName = Release;
		};
/* End XCConfigurationList section */
	};
	rootObject = A287D3971C9BEE1F003534C1 /* Project object */;
}
